
Microsoft Visual Studio Solution File, Format Version 12.00
# Visual Studio 15
VisualStudioVersion = 15.0.26020.0
MinimumVisualStudioVersion = 10.0.40219.1
Project("{FAE04EC0-301F-11D3-BF4B-00C04F79EFBC}") = "Groorine.UWP", "Groorine2\Groorine.UWP.csproj", "{D331D9AC-6B74-4393-B57C-DEB03C0D3F0F}"
EndProject
Project("{FAE04EC0-301F-11D3-BF4B-00C04F79EFBC}") = "Groorine", "GroorineCore\Groorine.csproj", "{78C9371C-C543-4B1B-91F9-E55E3E602DD1}"
EndProject
Project("{FAE04EC0-301F-11D3-BF4B-00C04F79EFBC}") = "Groorine.Console", "GroorineTest\Groorine.Console.csproj", "{80E7F107-9FA2-4DCF-84C5-E34DA5DEA5D7}"
EndProject
Project("{2150E333-8FDC-42A3-9474-1A3956D46DE8}") = "Documentation", "Documentation", "{7DB0F6F4-01B1-4CB7-8BBC-B7A6E2B96962}"
	ProjectSection(SolutionItems) = preProject
		Documentation\IAudioSource.md = Documentation\IAudioSource.md
		Documentation\Mssf.md = Documentation\Mssf.md
	EndProjectSection
EndProject
Project("{FAE04EC0-301F-11D3-BF4B-00C04F79EFBC}") = "Groorine.DotNet45", "GroorineCore.DotNet45\Groorine.DotNet45.csproj", "{020D8FAF-322B-491D-843C-77374F2061DA}"
EndProject
Project("{FAE04EC0-301F-11D3-BF4B-00C04F79EFBC}") = "Groorine.Xamarin.Droid", "Groorine.Xamarin\Groorine.Xamarin.Droid\Groorine.Xamarin.Droid.csproj", "{2A6D2E5D-DFCF-4329-B65A-816A3D670C53}"
EndProject
Project("{FAE04EC0-301F-11D3-BF4B-00C04F79EFBC}") = "Groorine.Xamarin.iOS", "Groorine.Xamarin\Groorine.Xamarin.iOS\Groorine.Xamarin.iOS.csproj", "{98796188-018C-4216-93D2-F7C05C8FE4BB}"
EndProject
Project("{FAE04EC0-301F-11D3-BF4B-00C04F79EFBC}") = "Groorine.Xamarin", "Groorine.Xamarin\Groorine.Xamarin\Groorine.Xamarin.csproj", "{699598F3-3BC6-478D-8D20-49DD53C6159E}"
EndProject
Project("{FAE04EC0-301F-11D3-BF4B-00C04F79EFBC}") = "Groorine.WPF", "Groorine.WPF\Groorine.WPF.csproj", "{AC93C24B-D1FC-44B6-ADB6-497F271F6F4F}"
EndProject
Project("{FAE04EC0-301F-11D3-BF4B-00C04F79EFBC}") = "Groorine.AI.WPF", "Groorine.AI.WPF\Groorine.AI.WPF.csproj", "{83DE17FA-F3BD-4BA8-9C61-FD3525A0A1EA}"
EndProject
Project("{FAE04EC0-301F-11D3-BF4B-00C04F79EFBC}") = "Groorine.AI", "Groorine.AI\Groorine.AI.csproj", "{675C40F3-1B2A-4FDE-997D-D0E9B130A5E8}"
EndProject
Global
	GlobalSection(SolutionConfigurationPlatforms) = preSolution
		Ad-Hoc|Any CPU = Ad-Hoc|Any CPU
		Ad-Hoc|ARM = Ad-Hoc|ARM
		Ad-Hoc|iPhone = Ad-Hoc|iPhone
		Ad-Hoc|iPhoneSimulator = Ad-Hoc|iPhoneSimulator
		Ad-Hoc|x64 = Ad-Hoc|x64
		Ad-Hoc|x86 = Ad-Hoc|x86
		AppStore|Any CPU = AppStore|Any CPU
		AppStore|ARM = AppStore|ARM
		AppStore|iPhone = AppStore|iPhone
		AppStore|iPhoneSimulator = AppStore|iPhoneSimulator
		AppStore|x64 = AppStore|x64
		AppStore|x86 = AppStore|x86
		Debug|Any CPU = Debug|Any CPU
		Debug|ARM = Debug|ARM
		Debug|iPhone = Debug|iPhone
		Debug|iPhoneSimulator = Debug|iPhoneSimulator
		Debug|x64 = Debug|x64
		Debug|x86 = Debug|x86
		FullDebug|Any CPU = FullDebug|Any CPU
		FullDebug|ARM = FullDebug|ARM
		FullDebug|iPhone = FullDebug|iPhone
		FullDebug|iPhoneSimulator = FullDebug|iPhoneSimulator
		FullDebug|x64 = FullDebug|x64
		FullDebug|x86 = FullDebug|x86
		Release|Any CPU = Release|Any CPU
		Release|ARM = Release|ARM
		Release|iPhone = Release|iPhone
		Release|iPhoneSimulator = Release|iPhoneSimulator
		Release|x64 = Release|x64
		Release|x86 = Release|x86
	EndGlobalSection
	GlobalSection(ProjectConfigurationPlatforms) = postSolution
		{D331D9AC-6B74-4393-B57C-DEB03C0D3F0F}.Ad-Hoc|Any CPU.ActiveCfg = Release|x64
		{D331D9AC-6B74-4393-B57C-DEB03C0D3F0F}.Ad-Hoc|Any CPU.Build.0 = Release|x64
		{D331D9AC-6B74-4393-B57C-DEB03C0D3F0F}.Ad-Hoc|Any CPU.Deploy.0 = Release|x64
		{D331D9AC-6B74-4393-B57C-DEB03C0D3F0F}.Ad-Hoc|ARM.ActiveCfg = Release|ARM
		{D331D9AC-6B74-4393-B57C-DEB03C0D3F0F}.Ad-Hoc|ARM.Build.0 = Release|ARM
		{D331D9AC-6B74-4393-B57C-DEB03C0D3F0F}.Ad-Hoc|ARM.Deploy.0 = Release|ARM
		{D331D9AC-6B74-4393-B57C-DEB03C0D3F0F}.Ad-Hoc|iPhone.ActiveCfg = Release|x64
		{D331D9AC-6B74-4393-B57C-DEB03C0D3F0F}.Ad-Hoc|iPhone.Build.0 = Release|x64
		{D331D9AC-6B74-4393-B57C-DEB03C0D3F0F}.Ad-Hoc|iPhone.Deploy.0 = Release|x64
		{D331D9AC-6B74-4393-B57C-DEB03C0D3F0F}.Ad-Hoc|iPhoneSimulator.ActiveCfg = Release|x64
		{D331D9AC-6B74-4393-B57C-DEB03C0D3F0F}.Ad-Hoc|iPhoneSimulator.Build.0 = Release|x64
		{D331D9AC-6B74-4393-B57C-DEB03C0D3F0F}.Ad-Hoc|iPhoneSimulator.Deploy.0 = Release|x64
		{D331D9AC-6B74-4393-B57C-DEB03C0D3F0F}.Ad-Hoc|x64.ActiveCfg = Release|x64
		{D331D9AC-6B74-4393-B57C-DEB03C0D3F0F}.Ad-Hoc|x64.Build.0 = Release|x64
		{D331D9AC-6B74-4393-B57C-DEB03C0D3F0F}.Ad-Hoc|x64.Deploy.0 = Release|x64
		{D331D9AC-6B74-4393-B57C-DEB03C0D3F0F}.Ad-Hoc|x86.ActiveCfg = Release|x86
		{D331D9AC-6B74-4393-B57C-DEB03C0D3F0F}.Ad-Hoc|x86.Build.0 = Release|x86
		{D331D9AC-6B74-4393-B57C-DEB03C0D3F0F}.Ad-Hoc|x86.Deploy.0 = Release|x86
		{D331D9AC-6B74-4393-B57C-DEB03C0D3F0F}.AppStore|Any CPU.ActiveCfg = Release|x64
		{D331D9AC-6B74-4393-B57C-DEB03C0D3F0F}.AppStore|Any CPU.Build.0 = Release|x64
		{D331D9AC-6B74-4393-B57C-DEB03C0D3F0F}.AppStore|Any CPU.Deploy.0 = Release|x64
		{D331D9AC-6B74-4393-B57C-DEB03C0D3F0F}.AppStore|ARM.ActiveCfg = Release|ARM
		{D331D9AC-6B74-4393-B57C-DEB03C0D3F0F}.AppStore|ARM.Build.0 = Release|ARM
		{D331D9AC-6B74-4393-B57C-DEB03C0D3F0F}.AppStore|ARM.Deploy.0 = Release|ARM
		{D331D9AC-6B74-4393-B57C-DEB03C0D3F0F}.AppStore|iPhone.ActiveCfg = Release|x64
		{D331D9AC-6B74-4393-B57C-DEB03C0D3F0F}.AppStore|iPhone.Build.0 = Release|x64
		{D331D9AC-6B74-4393-B57C-DEB03C0D3F0F}.AppStore|iPhone.Deploy.0 = Release|x64
		{D331D9AC-6B74-4393-B57C-DEB03C0D3F0F}.AppStore|iPhoneSimulator.ActiveCfg = Release|x64
		{D331D9AC-6B74-4393-B57C-DEB03C0D3F0F}.AppStore|iPhoneSimulator.Build.0 = Release|x64
		{D331D9AC-6B74-4393-B57C-DEB03C0D3F0F}.AppStore|iPhoneSimulator.Deploy.0 = Release|x64
		{D331D9AC-6B74-4393-B57C-DEB03C0D3F0F}.AppStore|x64.ActiveCfg = Release|x64
		{D331D9AC-6B74-4393-B57C-DEB03C0D3F0F}.AppStore|x64.Build.0 = Release|x64
		{D331D9AC-6B74-4393-B57C-DEB03C0D3F0F}.AppStore|x64.Deploy.0 = Release|x64
		{D331D9AC-6B74-4393-B57C-DEB03C0D3F0F}.AppStore|x86.ActiveCfg = Release|x86
		{D331D9AC-6B74-4393-B57C-DEB03C0D3F0F}.AppStore|x86.Build.0 = Release|x86
		{D331D9AC-6B74-4393-B57C-DEB03C0D3F0F}.AppStore|x86.Deploy.0 = Release|x86
		{D331D9AC-6B74-4393-B57C-DEB03C0D3F0F}.Debug|Any CPU.ActiveCfg = Client Debug|x86
		{D331D9AC-6B74-4393-B57C-DEB03C0D3F0F}.Debug|Any CPU.Build.0 = Client Debug|x86
		{D331D9AC-6B74-4393-B57C-DEB03C0D3F0F}.Debug|Any CPU.Deploy.0 = Client Debug|x86
		{D331D9AC-6B74-4393-B57C-DEB03C0D3F0F}.Debug|ARM.ActiveCfg = Client Debug|ARM
		{D331D9AC-6B74-4393-B57C-DEB03C0D3F0F}.Debug|ARM.Build.0 = Client Debug|ARM
		{D331D9AC-6B74-4393-B57C-DEB03C0D3F0F}.Debug|ARM.Deploy.0 = Client Debug|ARM
		{D331D9AC-6B74-4393-B57C-DEB03C0D3F0F}.Debug|iPhone.ActiveCfg = Debug|x86
		{D331D9AC-6B74-4393-B57C-DEB03C0D3F0F}.Debug|iPhoneSimulator.ActiveCfg = Debug|x86
		{D331D9AC-6B74-4393-B57C-DEB03C0D3F0F}.Debug|x64.ActiveCfg = Client Debug|x64
		{D331D9AC-6B74-4393-B57C-DEB03C0D3F0F}.Debug|x64.Build.0 = Client Debug|x64
		{D331D9AC-6B74-4393-B57C-DEB03C0D3F0F}.Debug|x64.Deploy.0 = Client Debug|x64
		{D331D9AC-6B74-4393-B57C-DEB03C0D3F0F}.Debug|x86.ActiveCfg = Client Debug|x86
		{D331D9AC-6B74-4393-B57C-DEB03C0D3F0F}.Debug|x86.Build.0 = Client Debug|x86
		{D331D9AC-6B74-4393-B57C-DEB03C0D3F0F}.Debug|x86.Deploy.0 = Client Debug|x86
		{D331D9AC-6B74-4393-B57C-DEB03C0D3F0F}.FullDebug|Any CPU.ActiveCfg = Debug|x64
		{D331D9AC-6B74-4393-B57C-DEB03C0D3F0F}.FullDebug|Any CPU.Build.0 = Debug|x64
		{D331D9AC-6B74-4393-B57C-DEB03C0D3F0F}.FullDebug|Any CPU.Deploy.0 = Debug|x64
		{D331D9AC-6B74-4393-B57C-DEB03C0D3F0F}.FullDebug|ARM.ActiveCfg = Debug|ARM
		{D331D9AC-6B74-4393-B57C-DEB03C0D3F0F}.FullDebug|ARM.Build.0 = Debug|ARM
		{D331D9AC-6B74-4393-B57C-DEB03C0D3F0F}.FullDebug|ARM.Deploy.0 = Debug|ARM
		{D331D9AC-6B74-4393-B57C-DEB03C0D3F0F}.FullDebug|iPhone.ActiveCfg = Debug|x86
		{D331D9AC-6B74-4393-B57C-DEB03C0D3F0F}.FullDebug|iPhoneSimulator.ActiveCfg = Debug|x86
		{D331D9AC-6B74-4393-B57C-DEB03C0D3F0F}.FullDebug|x64.ActiveCfg = Debug|x64
		{D331D9AC-6B74-4393-B57C-DEB03C0D3F0F}.FullDebug|x64.Build.0 = Debug|x64
		{D331D9AC-6B74-4393-B57C-DEB03C0D3F0F}.FullDebug|x64.Deploy.0 = Debug|x64
		{D331D9AC-6B74-4393-B57C-DEB03C0D3F0F}.FullDebug|x86.ActiveCfg = Debug|x86
		{D331D9AC-6B74-4393-B57C-DEB03C0D3F0F}.FullDebug|x86.Build.0 = Debug|x86
		{D331D9AC-6B74-4393-B57C-DEB03C0D3F0F}.FullDebug|x86.Deploy.0 = Debug|x86
		{D331D9AC-6B74-4393-B57C-DEB03C0D3F0F}.Release|Any CPU.ActiveCfg = Release|x86
		{D331D9AC-6B74-4393-B57C-DEB03C0D3F0F}.Release|Any CPU.Build.0 = Release|x86
		{D331D9AC-6B74-4393-B57C-DEB03C0D3F0F}.Release|Any CPU.Deploy.0 = Release|x86
		{D331D9AC-6B74-4393-B57C-DEB03C0D3F0F}.Release|ARM.ActiveCfg = Release|ARM
		{D331D9AC-6B74-4393-B57C-DEB03C0D3F0F}.Release|ARM.Build.0 = Release|ARM
		{D331D9AC-6B74-4393-B57C-DEB03C0D3F0F}.Release|ARM.Deploy.0 = Release|ARM
		{D331D9AC-6B74-4393-B57C-DEB03C0D3F0F}.Release|iPhone.ActiveCfg = Release|x86
		{D331D9AC-6B74-4393-B57C-DEB03C0D3F0F}.Release|iPhoneSimulator.ActiveCfg = Release|x86
		{D331D9AC-6B74-4393-B57C-DEB03C0D3F0F}.Release|x64.ActiveCfg = Release|x64
		{D331D9AC-6B74-4393-B57C-DEB03C0D3F0F}.Release|x64.Build.0 = Release|x64
		{D331D9AC-6B74-4393-B57C-DEB03C0D3F0F}.Release|x64.Deploy.0 = Release|x64
		{D331D9AC-6B74-4393-B57C-DEB03C0D3F0F}.Release|x86.ActiveCfg = Release|x86
		{D331D9AC-6B74-4393-B57C-DEB03C0D3F0F}.Release|x86.Build.0 = Release|x86
		{D331D9AC-6B74-4393-B57C-DEB03C0D3F0F}.Release|x86.Deploy.0 = Release|x86
		{78C9371C-C543-4B1B-91F9-E55E3E602DD1}.Ad-Hoc|Any CPU.ActiveCfg = Release|Any CPU
		{78C9371C-C543-4B1B-91F9-E55E3E602DD1}.Ad-Hoc|Any CPU.Build.0 = Release|Any CPU
		{78C9371C-C543-4B1B-91F9-E55E3E602DD1}.Ad-Hoc|ARM.ActiveCfg = Release|Any CPU
		{78C9371C-C543-4B1B-91F9-E55E3E602DD1}.Ad-Hoc|ARM.Build.0 = Release|Any CPU
		{78C9371C-C543-4B1B-91F9-E55E3E602DD1}.Ad-Hoc|iPhone.ActiveCfg = Release|Any CPU
		{78C9371C-C543-4B1B-91F9-E55E3E602DD1}.Ad-Hoc|iPhone.Build.0 = Release|Any CPU
		{78C9371C-C543-4B1B-91F9-E55E3E602DD1}.Ad-Hoc|iPhoneSimulator.ActiveCfg = Release|Any CPU
		{78C9371C-C543-4B1B-91F9-E55E3E602DD1}.Ad-Hoc|iPhoneSimulator.Build.0 = Release|Any CPU
		{78C9371C-C543-4B1B-91F9-E55E3E602DD1}.Ad-Hoc|x64.ActiveCfg = Release|Any CPU
		{78C9371C-C543-4B1B-91F9-E55E3E602DD1}.Ad-Hoc|x64.Build.0 = Release|Any CPU
		{78C9371C-C543-4B1B-91F9-E55E3E602DD1}.Ad-Hoc|x86.ActiveCfg = Release|Any CPU
		{78C9371C-C543-4B1B-91F9-E55E3E602DD1}.Ad-Hoc|x86.Build.0 = Release|Any CPU
		{78C9371C-C543-4B1B-91F9-E55E3E602DD1}.AppStore|Any CPU.ActiveCfg = Release|Any CPU
		{78C9371C-C543-4B1B-91F9-E55E3E602DD1}.AppStore|Any CPU.Build.0 = Release|Any CPU
		{78C9371C-C543-4B1B-91F9-E55E3E602DD1}.AppStore|ARM.ActiveCfg = Release|Any CPU
		{78C9371C-C543-4B1B-91F9-E55E3E602DD1}.AppStore|ARM.Build.0 = Release|Any CPU
		{78C9371C-C543-4B1B-91F9-E55E3E602DD1}.AppStore|iPhone.ActiveCfg = Release|Any CPU
		{78C9371C-C543-4B1B-91F9-E55E3E602DD1}.AppStore|iPhone.Build.0 = Release|Any CPU
		{78C9371C-C543-4B1B-91F9-E55E3E602DD1}.AppStore|iPhoneSimulator.ActiveCfg = Release|Any CPU
		{78C9371C-C543-4B1B-91F9-E55E3E602DD1}.AppStore|iPhoneSimulator.Build.0 = Release|Any CPU
		{78C9371C-C543-4B1B-91F9-E55E3E602DD1}.AppStore|x64.ActiveCfg = Release|Any CPU
		{78C9371C-C543-4B1B-91F9-E55E3E602DD1}.AppStore|x64.Build.0 = Release|Any CPU
		{78C9371C-C543-4B1B-91F9-E55E3E602DD1}.AppStore|x86.ActiveCfg = Release|Any CPU
		{78C9371C-C543-4B1B-91F9-E55E3E602DD1}.AppStore|x86.Build.0 = Release|Any CPU
		{78C9371C-C543-4B1B-91F9-E55E3E602DD1}.Debug|Any CPU.ActiveCfg = Client Debug|Any CPU
		{78C9371C-C543-4B1B-91F9-E55E3E602DD1}.Debug|Any CPU.Build.0 = Client Debug|Any CPU
		{78C9371C-C543-4B1B-91F9-E55E3E602DD1}.Debug|ARM.ActiveCfg = Debug|Any CPU
		{78C9371C-C543-4B1B-91F9-E55E3E602DD1}.Debug|ARM.Build.0 = Debug|Any CPU
		{78C9371C-C543-4B1B-91F9-E55E3E602DD1}.Debug|iPhone.ActiveCfg = Debug|Any CPU
		{78C9371C-C543-4B1B-91F9-E55E3E602DD1}.Debug|iPhone.Build.0 = Debug|Any CPU
		{78C9371C-C543-4B1B-91F9-E55E3E602DD1}.Debug|iPhoneSimulator.ActiveCfg = Debug|Any CPU
		{78C9371C-C543-4B1B-91F9-E55E3E602DD1}.Debug|iPhoneSimulator.Build.0 = Debug|Any CPU
		{78C9371C-C543-4B1B-91F9-E55E3E602DD1}.Debug|x64.ActiveCfg = Debug|Any CPU
		{78C9371C-C543-4B1B-91F9-E55E3E602DD1}.Debug|x64.Build.0 = Debug|Any CPU
		{78C9371C-C543-4B1B-91F9-E55E3E602DD1}.Debug|x86.ActiveCfg = Debug|Any CPU
		{78C9371C-C543-4B1B-91F9-E55E3E602DD1}.Debug|x86.Build.0 = Debug|Any CPU
		{78C9371C-C543-4B1B-91F9-E55E3E602DD1}.FullDebug|Any CPU.ActiveCfg = Debug|Any CPU
		{78C9371C-C543-4B1B-91F9-E55E3E602DD1}.FullDebug|Any CPU.Build.0 = Debug|Any CPU
		{78C9371C-C543-4B1B-91F9-E55E3E602DD1}.FullDebug|ARM.ActiveCfg = Debug|Any CPU
		{78C9371C-C543-4B1B-91F9-E55E3E602DD1}.FullDebug|ARM.Build.0 = Debug|Any CPU
		{78C9371C-C543-4B1B-91F9-E55E3E602DD1}.FullDebug|iPhone.ActiveCfg = Debug|Any CPU
		{78C9371C-C543-4B1B-91F9-E55E3E602DD1}.FullDebug|iPhone.Build.0 = Debug|Any CPU
		{78C9371C-C543-4B1B-91F9-E55E3E602DD1}.FullDebug|iPhoneSimulator.ActiveCfg = Debug|Any CPU
		{78C9371C-C543-4B1B-91F9-E55E3E602DD1}.FullDebug|iPhoneSimulator.Build.0 = Debug|Any CPU
		{78C9371C-C543-4B1B-91F9-E55E3E602DD1}.FullDebug|x64.ActiveCfg = Debug|Any CPU
		{78C9371C-C543-4B1B-91F9-E55E3E602DD1}.FullDebug|x64.Build.0 = Debug|Any CPU
		{78C9371C-C543-4B1B-91F9-E55E3E602DD1}.FullDebug|x86.ActiveCfg = Debug|Any CPU
		{78C9371C-C543-4B1B-91F9-E55E3E602DD1}.FullDebug|x86.Build.0 = Debug|Any CPU
		{78C9371C-C543-4B1B-91F9-E55E3E602DD1}.Release|Any CPU.ActiveCfg = Release|Any CPU
		{78C9371C-C543-4B1B-91F9-E55E3E602DD1}.Release|Any CPU.Build.0 = Release|Any CPU
		{78C9371C-C543-4B1B-91F9-E55E3E602DD1}.Release|ARM.ActiveCfg = Release|Any CPU
		{78C9371C-C543-4B1B-91F9-E55E3E602DD1}.Release|ARM.Build.0 = Release|Any CPU
		{78C9371C-C543-4B1B-91F9-E55E3E602DD1}.Release|iPhone.ActiveCfg = Release|Any CPU
		{78C9371C-C543-4B1B-91F9-E55E3E602DD1}.Release|iPhone.Build.0 = Release|Any CPU
		{78C9371C-C543-4B1B-91F9-E55E3E602DD1}.Release|iPhoneSimulator.ActiveCfg = Release|Any CPU
		{78C9371C-C543-4B1B-91F9-E55E3E602DD1}.Release|iPhoneSimulator.Build.0 = Release|Any CPU
		{78C9371C-C543-4B1B-91F9-E55E3E602DD1}.Release|x64.ActiveCfg = Release|Any CPU
		{78C9371C-C543-4B1B-91F9-E55E3E602DD1}.Release|x64.Build.0 = Release|Any CPU
		{78C9371C-C543-4B1B-91F9-E55E3E602DD1}.Release|x86.ActiveCfg = Release|Any CPU
		{78C9371C-C543-4B1B-91F9-E55E3E602DD1}.Release|x86.Build.0 = Release|Any CPU
		{80E7F107-9FA2-4DCF-84C5-E34DA5DEA5D7}.Ad-Hoc|Any CPU.ActiveCfg = Release|Any CPU
		{80E7F107-9FA2-4DCF-84C5-E34DA5DEA5D7}.Ad-Hoc|Any CPU.Build.0 = Release|Any CPU
		{80E7F107-9FA2-4DCF-84C5-E34DA5DEA5D7}.Ad-Hoc|ARM.ActiveCfg = Release|Any CPU
		{80E7F107-9FA2-4DCF-84C5-E34DA5DEA5D7}.Ad-Hoc|ARM.Build.0 = Release|Any CPU
		{80E7F107-9FA2-4DCF-84C5-E34DA5DEA5D7}.Ad-Hoc|iPhone.ActiveCfg = Release|Any CPU
		{80E7F107-9FA2-4DCF-84C5-E34DA5DEA5D7}.Ad-Hoc|iPhone.Build.0 = Release|Any CPU
		{80E7F107-9FA2-4DCF-84C5-E34DA5DEA5D7}.Ad-Hoc|iPhoneSimulator.ActiveCfg = Release|Any CPU
		{80E7F107-9FA2-4DCF-84C5-E34DA5DEA5D7}.Ad-Hoc|iPhoneSimulator.Build.0 = Release|Any CPU
		{80E7F107-9FA2-4DCF-84C5-E34DA5DEA5D7}.Ad-Hoc|x64.ActiveCfg = Release|Any CPU
		{80E7F107-9FA2-4DCF-84C5-E34DA5DEA5D7}.Ad-Hoc|x64.Build.0 = Release|Any CPU
		{80E7F107-9FA2-4DCF-84C5-E34DA5DEA5D7}.Ad-Hoc|x86.ActiveCfg = Release|Any CPU
		{80E7F107-9FA2-4DCF-84C5-E34DA5DEA5D7}.Ad-Hoc|x86.Build.0 = Release|Any CPU
		{80E7F107-9FA2-4DCF-84C5-E34DA5DEA5D7}.AppStore|Any CPU.ActiveCfg = Release|Any CPU
		{80E7F107-9FA2-4DCF-84C5-E34DA5DEA5D7}.AppStore|Any CPU.Build.0 = Release|Any CPU
		{80E7F107-9FA2-4DCF-84C5-E34DA5DEA5D7}.AppStore|ARM.ActiveCfg = Release|Any CPU
		{80E7F107-9FA2-4DCF-84C5-E34DA5DEA5D7}.AppStore|ARM.Build.0 = Release|Any CPU
		{80E7F107-9FA2-4DCF-84C5-E34DA5DEA5D7}.AppStore|iPhone.ActiveCfg = Release|Any CPU
		{80E7F107-9FA2-4DCF-84C5-E34DA5DEA5D7}.AppStore|iPhone.Build.0 = Release|Any CPU
		{80E7F107-9FA2-4DCF-84C5-E34DA5DEA5D7}.AppStore|iPhoneSimulator.ActiveCfg = Release|Any CPU
		{80E7F107-9FA2-4DCF-84C5-E34DA5DEA5D7}.AppStore|iPhoneSimulator.Build.0 = Release|Any CPU
		{80E7F107-9FA2-4DCF-84C5-E34DA5DEA5D7}.AppStore|x64.ActiveCfg = Release|Any CPU
		{80E7F107-9FA2-4DCF-84C5-E34DA5DEA5D7}.AppStore|x64.Build.0 = Release|Any CPU
		{80E7F107-9FA2-4DCF-84C5-E34DA5DEA5D7}.AppStore|x86.ActiveCfg = Release|Any CPU
		{80E7F107-9FA2-4DCF-84C5-E34DA5DEA5D7}.AppStore|x86.Build.0 = Release|Any CPU
		{80E7F107-9FA2-4DCF-84C5-E34DA5DEA5D7}.Debug|Any CPU.ActiveCfg = Client Debug|Any CPU
		{80E7F107-9FA2-4DCF-84C5-E34DA5DEA5D7}.Debug|Any CPU.Build.0 = Client Debug|Any CPU
		{80E7F107-9FA2-4DCF-84C5-E34DA5DEA5D7}.Debug|ARM.ActiveCfg = Debug|Any CPU
		{80E7F107-9FA2-4DCF-84C5-E34DA5DEA5D7}.Debug|ARM.Build.0 = Debug|Any CPU
		{80E7F107-9FA2-4DCF-84C5-E34DA5DEA5D7}.Debug|iPhone.ActiveCfg = Debug|Any CPU
		{80E7F107-9FA2-4DCF-84C5-E34DA5DEA5D7}.Debug|iPhone.Build.0 = Debug|Any CPU
		{80E7F107-9FA2-4DCF-84C5-E34DA5DEA5D7}.Debug|iPhoneSimulator.ActiveCfg = Debug|Any CPU
		{80E7F107-9FA2-4DCF-84C5-E34DA5DEA5D7}.Debug|iPhoneSimulator.Build.0 = Debug|Any CPU
		{80E7F107-9FA2-4DCF-84C5-E34DA5DEA5D7}.Debug|x64.ActiveCfg = Debug|Any CPU
		{80E7F107-9FA2-4DCF-84C5-E34DA5DEA5D7}.Debug|x64.Build.0 = Debug|Any CPU
		{80E7F107-9FA2-4DCF-84C5-E34DA5DEA5D7}.Debug|x86.ActiveCfg = Debug|Any CPU
		{80E7F107-9FA2-4DCF-84C5-E34DA5DEA5D7}.Debug|x86.Build.0 = Debug|Any CPU
		{80E7F107-9FA2-4DCF-84C5-E34DA5DEA5D7}.FullDebug|Any CPU.ActiveCfg = Debug|Any CPU
		{80E7F107-9FA2-4DCF-84C5-E34DA5DEA5D7}.FullDebug|Any CPU.Build.0 = Debug|Any CPU
		{80E7F107-9FA2-4DCF-84C5-E34DA5DEA5D7}.FullDebug|ARM.ActiveCfg = Debug|Any CPU
		{80E7F107-9FA2-4DCF-84C5-E34DA5DEA5D7}.FullDebug|ARM.Build.0 = Debug|Any CPU
		{80E7F107-9FA2-4DCF-84C5-E34DA5DEA5D7}.FullDebug|iPhone.ActiveCfg = Debug|Any CPU
		{80E7F107-9FA2-4DCF-84C5-E34DA5DEA5D7}.FullDebug|iPhone.Build.0 = Debug|Any CPU
		{80E7F107-9FA2-4DCF-84C5-E34DA5DEA5D7}.FullDebug|iPhoneSimulator.ActiveCfg = Debug|Any CPU
		{80E7F107-9FA2-4DCF-84C5-E34DA5DEA5D7}.FullDebug|iPhoneSimulator.Build.0 = Debug|Any CPU
		{80E7F107-9FA2-4DCF-84C5-E34DA5DEA5D7}.FullDebug|x64.ActiveCfg = Debug|Any CPU
		{80E7F107-9FA2-4DCF-84C5-E34DA5DEA5D7}.FullDebug|x64.Build.0 = Debug|Any CPU
		{80E7F107-9FA2-4DCF-84C5-E34DA5DEA5D7}.FullDebug|x86.ActiveCfg = Debug|Any CPU
		{80E7F107-9FA2-4DCF-84C5-E34DA5DEA5D7}.FullDebug|x86.Build.0 = Debug|Any CPU
		{80E7F107-9FA2-4DCF-84C5-E34DA5DEA5D7}.Release|Any CPU.ActiveCfg = Release|Any CPU
		{80E7F107-9FA2-4DCF-84C5-E34DA5DEA5D7}.Release|Any CPU.Build.0 = Release|Any CPU
		{80E7F107-9FA2-4DCF-84C5-E34DA5DEA5D7}.Release|ARM.ActiveCfg = Release|Any CPU
		{80E7F107-9FA2-4DCF-84C5-E34DA5DEA5D7}.Release|ARM.Build.0 = Release|Any CPU
		{80E7F107-9FA2-4DCF-84C5-E34DA5DEA5D7}.Release|iPhone.ActiveCfg = Release|Any CPU
		{80E7F107-9FA2-4DCF-84C5-E34DA5DEA5D7}.Release|iPhone.Build.0 = Release|Any CPU
		{80E7F107-9FA2-4DCF-84C5-E34DA5DEA5D7}.Release|iPhoneSimulator.ActiveCfg = Release|Any CPU
		{80E7F107-9FA2-4DCF-84C5-E34DA5DEA5D7}.Release|iPhoneSimulator.Build.0 = Release|Any CPU
		{80E7F107-9FA2-4DCF-84C5-E34DA5DEA5D7}.Release|x64.ActiveCfg = Release|Any CPU
		{80E7F107-9FA2-4DCF-84C5-E34DA5DEA5D7}.Release|x64.Build.0 = Release|Any CPU
		{80E7F107-9FA2-4DCF-84C5-E34DA5DEA5D7}.Release|x86.ActiveCfg = Release|Any CPU
		{80E7F107-9FA2-4DCF-84C5-E34DA5DEA5D7}.Release|x86.Build.0 = Release|Any CPU
		{020D8FAF-322B-491D-843C-77374F2061DA}.Ad-Hoc|Any CPU.ActiveCfg = Release|Any CPU
		{020D8FAF-322B-491D-843C-77374F2061DA}.Ad-Hoc|Any CPU.Build.0 = Release|Any CPU
		{020D8FAF-322B-491D-843C-77374F2061DA}.Ad-Hoc|ARM.ActiveCfg = Release|Any CPU
		{020D8FAF-322B-491D-843C-77374F2061DA}.Ad-Hoc|ARM.Build.0 = Release|Any CPU
		{020D8FAF-322B-491D-843C-77374F2061DA}.Ad-Hoc|iPhone.ActiveCfg = Release|Any CPU
		{020D8FAF-322B-491D-843C-77374F2061DA}.Ad-Hoc|iPhone.Build.0 = Release|Any CPU
		{020D8FAF-322B-491D-843C-77374F2061DA}.Ad-Hoc|iPhoneSimulator.ActiveCfg = Release|Any CPU
		{020D8FAF-322B-491D-843C-77374F2061DA}.Ad-Hoc|iPhoneSimulator.Build.0 = Release|Any CPU
		{020D8FAF-322B-491D-843C-77374F2061DA}.Ad-Hoc|x64.ActiveCfg = Release|Any CPU
		{020D8FAF-322B-491D-843C-77374F2061DA}.Ad-Hoc|x64.Build.0 = Release|Any CPU
		{020D8FAF-322B-491D-843C-77374F2061DA}.Ad-Hoc|x86.ActiveCfg = Release|Any CPU
		{020D8FAF-322B-491D-843C-77374F2061DA}.Ad-Hoc|x86.Build.0 = Release|Any CPU
		{020D8FAF-322B-491D-843C-77374F2061DA}.AppStore|Any CPU.ActiveCfg = Release|Any CPU
		{020D8FAF-322B-491D-843C-77374F2061DA}.AppStore|Any CPU.Build.0 = Release|Any CPU
		{020D8FAF-322B-491D-843C-77374F2061DA}.AppStore|ARM.ActiveCfg = Release|Any CPU
		{020D8FAF-322B-491D-843C-77374F2061DA}.AppStore|ARM.Build.0 = Release|Any CPU
		{020D8FAF-322B-491D-843C-77374F2061DA}.AppStore|iPhone.ActiveCfg = Release|Any CPU
		{020D8FAF-322B-491D-843C-77374F2061DA}.AppStore|iPhone.Build.0 = Release|Any CPU
		{020D8FAF-322B-491D-843C-77374F2061DA}.AppStore|iPhoneSimulator.ActiveCfg = Release|Any CPU
		{020D8FAF-322B-491D-843C-77374F2061DA}.AppStore|iPhoneSimulator.Build.0 = Release|Any CPU
		{020D8FAF-322B-491D-843C-77374F2061DA}.AppStore|x64.ActiveCfg = Release|Any CPU
		{020D8FAF-322B-491D-843C-77374F2061DA}.AppStore|x64.Build.0 = Release|Any CPU
		{020D8FAF-322B-491D-843C-77374F2061DA}.AppStore|x86.ActiveCfg = Release|Any CPU
		{020D8FAF-322B-491D-843C-77374F2061DA}.AppStore|x86.Build.0 = Release|Any CPU
		{020D8FAF-322B-491D-843C-77374F2061DA}.Debug|Any CPU.ActiveCfg = Debug|Any CPU
		{020D8FAF-322B-491D-843C-77374F2061DA}.Debug|Any CPU.Build.0 = Debug|Any CPU
		{020D8FAF-322B-491D-843C-77374F2061DA}.Debug|ARM.ActiveCfg = Debug|Any CPU
		{020D8FAF-322B-491D-843C-77374F2061DA}.Debug|ARM.Build.0 = Debug|Any CPU
		{020D8FAF-322B-491D-843C-77374F2061DA}.Debug|iPhone.ActiveCfg = Debug|Any CPU
		{020D8FAF-322B-491D-843C-77374F2061DA}.Debug|iPhone.Build.0 = Debug|Any CPU
		{020D8FAF-322B-491D-843C-77374F2061DA}.Debug|iPhoneSimulator.ActiveCfg = Debug|Any CPU
		{020D8FAF-322B-491D-843C-77374F2061DA}.Debug|iPhoneSimulator.Build.0 = Debug|Any CPU
		{020D8FAF-322B-491D-843C-77374F2061DA}.Debug|x64.ActiveCfg = Debug|Any CPU
		{020D8FAF-322B-491D-843C-77374F2061DA}.Debug|x64.Build.0 = Debug|Any CPU
		{020D8FAF-322B-491D-843C-77374F2061DA}.Debug|x86.ActiveCfg = Debug|Any CPU
		{020D8FAF-322B-491D-843C-77374F2061DA}.Debug|x86.Build.0 = Debug|Any CPU
		{020D8FAF-322B-491D-843C-77374F2061DA}.FullDebug|Any CPU.ActiveCfg = Debug|Any CPU
		{020D8FAF-322B-491D-843C-77374F2061DA}.FullDebug|Any CPU.Build.0 = Debug|Any CPU
		{020D8FAF-322B-491D-843C-77374F2061DA}.FullDebug|ARM.ActiveCfg = Debug|Any CPU
		{020D8FAF-322B-491D-843C-77374F2061DA}.FullDebug|ARM.Build.0 = Debug|Any CPU
		{020D8FAF-322B-491D-843C-77374F2061DA}.FullDebug|iPhone.ActiveCfg = Debug|Any CPU
		{020D8FAF-322B-491D-843C-77374F2061DA}.FullDebug|iPhone.Build.0 = Debug|Any CPU
		{020D8FAF-322B-491D-843C-77374F2061DA}.FullDebug|iPhoneSimulator.ActiveCfg = Debug|Any CPU
		{020D8FAF-322B-491D-843C-77374F2061DA}.FullDebug|iPhoneSimulator.Build.0 = Debug|Any CPU
		{020D8FAF-322B-491D-843C-77374F2061DA}.FullDebug|x64.ActiveCfg = Debug|Any CPU
		{020D8FAF-322B-491D-843C-77374F2061DA}.FullDebug|x64.Build.0 = Debug|Any CPU
		{020D8FAF-322B-491D-843C-77374F2061DA}.FullDebug|x86.ActiveCfg = Debug|Any CPU
		{020D8FAF-322B-491D-843C-77374F2061DA}.FullDebug|x86.Build.0 = Debug|Any CPU
		{020D8FAF-322B-491D-843C-77374F2061DA}.Release|Any CPU.ActiveCfg = Release|Any CPU
		{020D8FAF-322B-491D-843C-77374F2061DA}.Release|Any CPU.Build.0 = Release|Any CPU
		{020D8FAF-322B-491D-843C-77374F2061DA}.Release|ARM.ActiveCfg = Release|Any CPU
		{020D8FAF-322B-491D-843C-77374F2061DA}.Release|ARM.Build.0 = Release|Any CPU
		{020D8FAF-322B-491D-843C-77374F2061DA}.Release|iPhone.ActiveCfg = Release|Any CPU
		{020D8FAF-322B-491D-843C-77374F2061DA}.Release|iPhone.Build.0 = Release|Any CPU
		{020D8FAF-322B-491D-843C-77374F2061DA}.Release|iPhoneSimulator.ActiveCfg = Release|Any CPU
		{020D8FAF-322B-491D-843C-77374F2061DA}.Release|iPhoneSimulator.Build.0 = Release|Any CPU
		{020D8FAF-322B-491D-843C-77374F2061DA}.Release|x64.ActiveCfg = Release|Any CPU
		{020D8FAF-322B-491D-843C-77374F2061DA}.Release|x64.Build.0 = Release|Any CPU
		{020D8FAF-322B-491D-843C-77374F2061DA}.Release|x86.ActiveCfg = Release|Any CPU
		{020D8FAF-322B-491D-843C-77374F2061DA}.Release|x86.Build.0 = Release|Any CPU
		{2A6D2E5D-DFCF-4329-B65A-816A3D670C53}.Ad-Hoc|Any CPU.ActiveCfg = Release|Any CPU
		{2A6D2E5D-DFCF-4329-B65A-816A3D670C53}.Ad-Hoc|Any CPU.Build.0 = Release|Any CPU
		{2A6D2E5D-DFCF-4329-B65A-816A3D670C53}.Ad-Hoc|Any CPU.Deploy.0 = Release|Any CPU
		{2A6D2E5D-DFCF-4329-B65A-816A3D670C53}.Ad-Hoc|ARM.ActiveCfg = Release|Any CPU
		{2A6D2E5D-DFCF-4329-B65A-816A3D670C53}.Ad-Hoc|ARM.Build.0 = Release|Any CPU
		{2A6D2E5D-DFCF-4329-B65A-816A3D670C53}.Ad-Hoc|ARM.Deploy.0 = Release|Any CPU
		{2A6D2E5D-DFCF-4329-B65A-816A3D670C53}.Ad-Hoc|iPhone.ActiveCfg = Release|Any CPU
		{2A6D2E5D-DFCF-4329-B65A-816A3D670C53}.Ad-Hoc|iPhone.Build.0 = Release|Any CPU
		{2A6D2E5D-DFCF-4329-B65A-816A3D670C53}.Ad-Hoc|iPhone.Deploy.0 = Release|Any CPU
		{2A6D2E5D-DFCF-4329-B65A-816A3D670C53}.Ad-Hoc|iPhoneSimulator.ActiveCfg = Release|Any CPU
		{2A6D2E5D-DFCF-4329-B65A-816A3D670C53}.Ad-Hoc|iPhoneSimulator.Build.0 = Release|Any CPU
		{2A6D2E5D-DFCF-4329-B65A-816A3D670C53}.Ad-Hoc|iPhoneSimulator.Deploy.0 = Release|Any CPU
		{2A6D2E5D-DFCF-4329-B65A-816A3D670C53}.Ad-Hoc|x64.ActiveCfg = Release|Any CPU
		{2A6D2E5D-DFCF-4329-B65A-816A3D670C53}.Ad-Hoc|x64.Build.0 = Release|Any CPU
		{2A6D2E5D-DFCF-4329-B65A-816A3D670C53}.Ad-Hoc|x64.Deploy.0 = Release|Any CPU
		{2A6D2E5D-DFCF-4329-B65A-816A3D670C53}.Ad-Hoc|x86.ActiveCfg = Release|Any CPU
		{2A6D2E5D-DFCF-4329-B65A-816A3D670C53}.Ad-Hoc|x86.Build.0 = Release|Any CPU
		{2A6D2E5D-DFCF-4329-B65A-816A3D670C53}.Ad-Hoc|x86.Deploy.0 = Release|Any CPU
		{2A6D2E5D-DFCF-4329-B65A-816A3D670C53}.AppStore|Any CPU.ActiveCfg = Release|Any CPU
		{2A6D2E5D-DFCF-4329-B65A-816A3D670C53}.AppStore|Any CPU.Build.0 = Release|Any CPU
		{2A6D2E5D-DFCF-4329-B65A-816A3D670C53}.AppStore|Any CPU.Deploy.0 = Release|Any CPU
		{2A6D2E5D-DFCF-4329-B65A-816A3D670C53}.AppStore|ARM.ActiveCfg = Release|Any CPU
		{2A6D2E5D-DFCF-4329-B65A-816A3D670C53}.AppStore|ARM.Build.0 = Release|Any CPU
		{2A6D2E5D-DFCF-4329-B65A-816A3D670C53}.AppStore|ARM.Deploy.0 = Release|Any CPU
		{2A6D2E5D-DFCF-4329-B65A-816A3D670C53}.AppStore|iPhone.ActiveCfg = Release|Any CPU
		{2A6D2E5D-DFCF-4329-B65A-816A3D670C53}.AppStore|iPhone.Build.0 = Release|Any CPU
		{2A6D2E5D-DFCF-4329-B65A-816A3D670C53}.AppStore|iPhone.Deploy.0 = Release|Any CPU
		{2A6D2E5D-DFCF-4329-B65A-816A3D670C53}.AppStore|iPhoneSimulator.ActiveCfg = Release|Any CPU
		{2A6D2E5D-DFCF-4329-B65A-816A3D670C53}.AppStore|iPhoneSimulator.Build.0 = Release|Any CPU
		{2A6D2E5D-DFCF-4329-B65A-816A3D670C53}.AppStore|iPhoneSimulator.Deploy.0 = Release|Any CPU
		{2A6D2E5D-DFCF-4329-B65A-816A3D670C53}.AppStore|x64.ActiveCfg = Release|Any CPU
		{2A6D2E5D-DFCF-4329-B65A-816A3D670C53}.AppStore|x64.Build.0 = Release|Any CPU
		{2A6D2E5D-DFCF-4329-B65A-816A3D670C53}.AppStore|x64.Deploy.0 = Release|Any CPU
		{2A6D2E5D-DFCF-4329-B65A-816A3D670C53}.AppStore|x86.ActiveCfg = Release|Any CPU
		{2A6D2E5D-DFCF-4329-B65A-816A3D670C53}.AppStore|x86.Build.0 = Release|Any CPU
		{2A6D2E5D-DFCF-4329-B65A-816A3D670C53}.AppStore|x86.Deploy.0 = Release|Any CPU
		{2A6D2E5D-DFCF-4329-B65A-816A3D670C53}.Debug|Any CPU.ActiveCfg = Debug|Any CPU
		{2A6D2E5D-DFCF-4329-B65A-816A3D670C53}.Debug|Any CPU.Build.0 = Debug|Any CPU
		{2A6D2E5D-DFCF-4329-B65A-816A3D670C53}.Debug|Any CPU.Deploy.0 = Debug|Any CPU
		{2A6D2E5D-DFCF-4329-B65A-816A3D670C53}.Debug|ARM.ActiveCfg = Debug|Any CPU
		{2A6D2E5D-DFCF-4329-B65A-816A3D670C53}.Debug|ARM.Build.0 = Debug|Any CPU
		{2A6D2E5D-DFCF-4329-B65A-816A3D670C53}.Debug|ARM.Deploy.0 = Debug|Any CPU
		{2A6D2E5D-DFCF-4329-B65A-816A3D670C53}.Debug|iPhone.ActiveCfg = Debug|Any CPU
		{2A6D2E5D-DFCF-4329-B65A-816A3D670C53}.Debug|iPhone.Build.0 = Debug|Any CPU
		{2A6D2E5D-DFCF-4329-B65A-816A3D670C53}.Debug|iPhone.Deploy.0 = Debug|Any CPU
		{2A6D2E5D-DFCF-4329-B65A-816A3D670C53}.Debug|iPhoneSimulator.ActiveCfg = Debug|Any CPU
		{2A6D2E5D-DFCF-4329-B65A-816A3D670C53}.Debug|iPhoneSimulator.Build.0 = Debug|Any CPU
		{2A6D2E5D-DFCF-4329-B65A-816A3D670C53}.Debug|iPhoneSimulator.Deploy.0 = Debug|Any CPU
		{2A6D2E5D-DFCF-4329-B65A-816A3D670C53}.Debug|x64.ActiveCfg = Debug|Any CPU
		{2A6D2E5D-DFCF-4329-B65A-816A3D670C53}.Debug|x64.Build.0 = Debug|Any CPU
		{2A6D2E5D-DFCF-4329-B65A-816A3D670C53}.Debug|x64.Deploy.0 = Debug|Any CPU
		{2A6D2E5D-DFCF-4329-B65A-816A3D670C53}.Debug|x86.ActiveCfg = Debug|Any CPU
		{2A6D2E5D-DFCF-4329-B65A-816A3D670C53}.Debug|x86.Build.0 = Debug|Any CPU
		{2A6D2E5D-DFCF-4329-B65A-816A3D670C53}.Debug|x86.Deploy.0 = Debug|Any CPU
		{2A6D2E5D-DFCF-4329-B65A-816A3D670C53}.FullDebug|Any CPU.ActiveCfg = Debug|Any CPU
		{2A6D2E5D-DFCF-4329-B65A-816A3D670C53}.FullDebug|Any CPU.Build.0 = Debug|Any CPU
		{2A6D2E5D-DFCF-4329-B65A-816A3D670C53}.FullDebug|Any CPU.Deploy.0 = Debug|Any CPU
		{2A6D2E5D-DFCF-4329-B65A-816A3D670C53}.FullDebug|ARM.ActiveCfg = Debug|Any CPU
		{2A6D2E5D-DFCF-4329-B65A-816A3D670C53}.FullDebug|ARM.Build.0 = Debug|Any CPU
		{2A6D2E5D-DFCF-4329-B65A-816A3D670C53}.FullDebug|ARM.Deploy.0 = Debug|Any CPU
		{2A6D2E5D-DFCF-4329-B65A-816A3D670C53}.FullDebug|iPhone.ActiveCfg = Debug|Any CPU
		{2A6D2E5D-DFCF-4329-B65A-816A3D670C53}.FullDebug|iPhone.Build.0 = Debug|Any CPU
		{2A6D2E5D-DFCF-4329-B65A-816A3D670C53}.FullDebug|iPhone.Deploy.0 = Debug|Any CPU
		{2A6D2E5D-DFCF-4329-B65A-816A3D670C53}.FullDebug|iPhoneSimulator.ActiveCfg = Debug|Any CPU
		{2A6D2E5D-DFCF-4329-B65A-816A3D670C53}.FullDebug|iPhoneSimulator.Build.0 = Debug|Any CPU
		{2A6D2E5D-DFCF-4329-B65A-816A3D670C53}.FullDebug|iPhoneSimulator.Deploy.0 = Debug|Any CPU
		{2A6D2E5D-DFCF-4329-B65A-816A3D670C53}.FullDebug|x64.ActiveCfg = Debug|Any CPU
		{2A6D2E5D-DFCF-4329-B65A-816A3D670C53}.FullDebug|x64.Build.0 = Debug|Any CPU
		{2A6D2E5D-DFCF-4329-B65A-816A3D670C53}.FullDebug|x64.Deploy.0 = Debug|Any CPU
		{2A6D2E5D-DFCF-4329-B65A-816A3D670C53}.FullDebug|x86.ActiveCfg = Debug|Any CPU
		{2A6D2E5D-DFCF-4329-B65A-816A3D670C53}.FullDebug|x86.Build.0 = Debug|Any CPU
		{2A6D2E5D-DFCF-4329-B65A-816A3D670C53}.FullDebug|x86.Deploy.0 = Debug|Any CPU
		{2A6D2E5D-DFCF-4329-B65A-816A3D670C53}.Release|Any CPU.ActiveCfg = Release|Any CPU
		{2A6D2E5D-DFCF-4329-B65A-816A3D670C53}.Release|Any CPU.Build.0 = Release|Any CPU
		{2A6D2E5D-DFCF-4329-B65A-816A3D670C53}.Release|Any CPU.Deploy.0 = Release|Any CPU
		{2A6D2E5D-DFCF-4329-B65A-816A3D670C53}.Release|ARM.ActiveCfg = Release|Any CPU
		{2A6D2E5D-DFCF-4329-B65A-816A3D670C53}.Release|ARM.Build.0 = Release|Any CPU
		{2A6D2E5D-DFCF-4329-B65A-816A3D670C53}.Release|ARM.Deploy.0 = Release|Any CPU
		{2A6D2E5D-DFCF-4329-B65A-816A3D670C53}.Release|iPhone.ActiveCfg = Release|Any CPU
		{2A6D2E5D-DFCF-4329-B65A-816A3D670C53}.Release|iPhone.Build.0 = Release|Any CPU
		{2A6D2E5D-DFCF-4329-B65A-816A3D670C53}.Release|iPhone.Deploy.0 = Release|Any CPU
		{2A6D2E5D-DFCF-4329-B65A-816A3D670C53}.Release|iPhoneSimulator.ActiveCfg = Release|Any CPU
		{2A6D2E5D-DFCF-4329-B65A-816A3D670C53}.Release|iPhoneSimulator.Build.0 = Release|Any CPU
		{2A6D2E5D-DFCF-4329-B65A-816A3D670C53}.Release|iPhoneSimulator.Deploy.0 = Release|Any CPU
		{2A6D2E5D-DFCF-4329-B65A-816A3D670C53}.Release|x64.ActiveCfg = Release|Any CPU
		{2A6D2E5D-DFCF-4329-B65A-816A3D670C53}.Release|x64.Build.0 = Release|Any CPU
		{2A6D2E5D-DFCF-4329-B65A-816A3D670C53}.Release|x64.Deploy.0 = Release|Any CPU
		{2A6D2E5D-DFCF-4329-B65A-816A3D670C53}.Release|x86.ActiveCfg = Release|Any CPU
		{2A6D2E5D-DFCF-4329-B65A-816A3D670C53}.Release|x86.Build.0 = Release|Any CPU
		{2A6D2E5D-DFCF-4329-B65A-816A3D670C53}.Release|x86.Deploy.0 = Release|Any CPU
		{98796188-018C-4216-93D2-F7C05C8FE4BB}.Ad-Hoc|Any CPU.ActiveCfg = Release|iPhone
		{98796188-018C-4216-93D2-F7C05C8FE4BB}.Ad-Hoc|Any CPU.Build.0 = Release|iPhone
		{98796188-018C-4216-93D2-F7C05C8FE4BB}.Ad-Hoc|ARM.ActiveCfg = Release|iPhone
		{98796188-018C-4216-93D2-F7C05C8FE4BB}.Ad-Hoc|ARM.Build.0 = Release|iPhone
		{98796188-018C-4216-93D2-F7C05C8FE4BB}.Ad-Hoc|iPhone.ActiveCfg = Release|iPhone
		{98796188-018C-4216-93D2-F7C05C8FE4BB}.Ad-Hoc|iPhone.Build.0 = Release|iPhone
		{98796188-018C-4216-93D2-F7C05C8FE4BB}.Ad-Hoc|iPhoneSimulator.ActiveCfg = Release|iPhoneSimulator
		{98796188-018C-4216-93D2-F7C05C8FE4BB}.Ad-Hoc|iPhoneSimulator.Build.0 = Release|iPhoneSimulator
		{98796188-018C-4216-93D2-F7C05C8FE4BB}.Ad-Hoc|x64.ActiveCfg = Release|iPhone
		{98796188-018C-4216-93D2-F7C05C8FE4BB}.Ad-Hoc|x64.Build.0 = Release|iPhone
		{98796188-018C-4216-93D2-F7C05C8FE4BB}.Ad-Hoc|x86.ActiveCfg = Release|iPhone
		{98796188-018C-4216-93D2-F7C05C8FE4BB}.Ad-Hoc|x86.Build.0 = Release|iPhone
		{98796188-018C-4216-93D2-F7C05C8FE4BB}.AppStore|Any CPU.ActiveCfg = Release|iPhone
		{98796188-018C-4216-93D2-F7C05C8FE4BB}.AppStore|Any CPU.Build.0 = Release|iPhone
		{98796188-018C-4216-93D2-F7C05C8FE4BB}.AppStore|ARM.ActiveCfg = Release|iPhone
		{98796188-018C-4216-93D2-F7C05C8FE4BB}.AppStore|ARM.Build.0 = Release|iPhone
		{98796188-018C-4216-93D2-F7C05C8FE4BB}.AppStore|iPhone.ActiveCfg = Release|iPhone
		{98796188-018C-4216-93D2-F7C05C8FE4BB}.AppStore|iPhone.Build.0 = Release|iPhone
		{98796188-018C-4216-93D2-F7C05C8FE4BB}.AppStore|iPhoneSimulator.ActiveCfg = Release|iPhoneSimulator
		{98796188-018C-4216-93D2-F7C05C8FE4BB}.AppStore|iPhoneSimulator.Build.0 = Release|iPhoneSimulator
		{98796188-018C-4216-93D2-F7C05C8FE4BB}.AppStore|x64.ActiveCfg = Release|iPhone
		{98796188-018C-4216-93D2-F7C05C8FE4BB}.AppStore|x64.Build.0 = Release|iPhone
		{98796188-018C-4216-93D2-F7C05C8FE4BB}.AppStore|x86.ActiveCfg = Release|iPhone
		{98796188-018C-4216-93D2-F7C05C8FE4BB}.AppStore|x86.Build.0 = Release|iPhone
		{98796188-018C-4216-93D2-F7C05C8FE4BB}.Debug|Any CPU.ActiveCfg = Debug|iPhone
		{98796188-018C-4216-93D2-F7C05C8FE4BB}.Debug|ARM.ActiveCfg = Debug|iPhone
		{98796188-018C-4216-93D2-F7C05C8FE4BB}.Debug|iPhone.ActiveCfg = Debug|iPhone
		{98796188-018C-4216-93D2-F7C05C8FE4BB}.Debug|iPhone.Build.0 = Debug|iPhone
		{98796188-018C-4216-93D2-F7C05C8FE4BB}.Debug|iPhoneSimulator.ActiveCfg = Debug|iPhoneSimulator
		{98796188-018C-4216-93D2-F7C05C8FE4BB}.Debug|iPhoneSimulator.Build.0 = Debug|iPhoneSimulator
		{98796188-018C-4216-93D2-F7C05C8FE4BB}.Debug|x64.ActiveCfg = Debug|iPhone
		{98796188-018C-4216-93D2-F7C05C8FE4BB}.Debug|x86.ActiveCfg = Debug|iPhone
		{98796188-018C-4216-93D2-F7C05C8FE4BB}.FullDebug|Any CPU.ActiveCfg = Release|iPhone
		{98796188-018C-4216-93D2-F7C05C8FE4BB}.FullDebug|Any CPU.Build.0 = Release|iPhone
		{98796188-018C-4216-93D2-F7C05C8FE4BB}.FullDebug|ARM.ActiveCfg = Release|iPhone
		{98796188-018C-4216-93D2-F7C05C8FE4BB}.FullDebug|ARM.Build.0 = Release|iPhone
		{98796188-018C-4216-93D2-F7C05C8FE4BB}.FullDebug|iPhone.ActiveCfg = Debug|iPhone
		{98796188-018C-4216-93D2-F7C05C8FE4BB}.FullDebug|iPhone.Build.0 = Debug|iPhone
		{98796188-018C-4216-93D2-F7C05C8FE4BB}.FullDebug|iPhoneSimulator.ActiveCfg = Debug|iPhoneSimulator
		{98796188-018C-4216-93D2-F7C05C8FE4BB}.FullDebug|iPhoneSimulator.Build.0 = Debug|iPhoneSimulator
		{98796188-018C-4216-93D2-F7C05C8FE4BB}.FullDebug|x64.ActiveCfg = Release|iPhone
		{98796188-018C-4216-93D2-F7C05C8FE4BB}.FullDebug|x64.Build.0 = Release|iPhone
		{98796188-018C-4216-93D2-F7C05C8FE4BB}.FullDebug|x86.ActiveCfg = Release|iPhone
		{98796188-018C-4216-93D2-F7C05C8FE4BB}.FullDebug|x86.Build.0 = Release|iPhone
		{98796188-018C-4216-93D2-F7C05C8FE4BB}.Release|Any CPU.ActiveCfg = Release|iPhone
		{98796188-018C-4216-93D2-F7C05C8FE4BB}.Release|ARM.ActiveCfg = Release|iPhone
		{98796188-018C-4216-93D2-F7C05C8FE4BB}.Release|iPhone.ActiveCfg = Release|iPhone
		{98796188-018C-4216-93D2-F7C05C8FE4BB}.Release|iPhone.Build.0 = Release|iPhone
		{98796188-018C-4216-93D2-F7C05C8FE4BB}.Release|iPhoneSimulator.ActiveCfg = Release|iPhoneSimulator
		{98796188-018C-4216-93D2-F7C05C8FE4BB}.Release|iPhoneSimulator.Build.0 = Release|iPhoneSimulator
		{98796188-018C-4216-93D2-F7C05C8FE4BB}.Release|x64.ActiveCfg = Release|iPhone
		{98796188-018C-4216-93D2-F7C05C8FE4BB}.Release|x86.ActiveCfg = Release|iPhone
		{699598F3-3BC6-478D-8D20-49DD53C6159E}.Ad-Hoc|Any CPU.ActiveCfg = Release|Any CPU
		{699598F3-3BC6-478D-8D20-49DD53C6159E}.Ad-Hoc|Any CPU.Build.0 = Release|Any CPU
		{699598F3-3BC6-478D-8D20-49DD53C6159E}.Ad-Hoc|ARM.ActiveCfg = Release|Any CPU
		{699598F3-3BC6-478D-8D20-49DD53C6159E}.Ad-Hoc|ARM.Build.0 = Release|Any CPU
		{699598F3-3BC6-478D-8D20-49DD53C6159E}.Ad-Hoc|iPhone.ActiveCfg = Release|Any CPU
		{699598F3-3BC6-478D-8D20-49DD53C6159E}.Ad-Hoc|iPhone.Build.0 = Release|Any CPU
		{699598F3-3BC6-478D-8D20-49DD53C6159E}.Ad-Hoc|iPhoneSimulator.ActiveCfg = Release|Any CPU
		{699598F3-3BC6-478D-8D20-49DD53C6159E}.Ad-Hoc|iPhoneSimulator.Build.0 = Release|Any CPU
		{699598F3-3BC6-478D-8D20-49DD53C6159E}.Ad-Hoc|x64.ActiveCfg = Release|Any CPU
		{699598F3-3BC6-478D-8D20-49DD53C6159E}.Ad-Hoc|x64.Build.0 = Release|Any CPU
		{699598F3-3BC6-478D-8D20-49DD53C6159E}.Ad-Hoc|x86.ActiveCfg = Release|Any CPU
		{699598F3-3BC6-478D-8D20-49DD53C6159E}.Ad-Hoc|x86.Build.0 = Release|Any CPU
		{699598F3-3BC6-478D-8D20-49DD53C6159E}.AppStore|Any CPU.ActiveCfg = Release|Any CPU
		{699598F3-3BC6-478D-8D20-49DD53C6159E}.AppStore|Any CPU.Build.0 = Release|Any CPU
		{699598F3-3BC6-478D-8D20-49DD53C6159E}.AppStore|ARM.ActiveCfg = Release|Any CPU
		{699598F3-3BC6-478D-8D20-49DD53C6159E}.AppStore|ARM.Build.0 = Release|Any CPU
		{699598F3-3BC6-478D-8D20-49DD53C6159E}.AppStore|iPhone.ActiveCfg = Release|Any CPU
		{699598F3-3BC6-478D-8D20-49DD53C6159E}.AppStore|iPhone.Build.0 = Release|Any CPU
		{699598F3-3BC6-478D-8D20-49DD53C6159E}.AppStore|iPhoneSimulator.ActiveCfg = Release|Any CPU
		{699598F3-3BC6-478D-8D20-49DD53C6159E}.AppStore|iPhoneSimulator.Build.0 = Release|Any CPU
		{699598F3-3BC6-478D-8D20-49DD53C6159E}.AppStore|x64.ActiveCfg = Release|Any CPU
		{699598F3-3BC6-478D-8D20-49DD53C6159E}.AppStore|x64.Build.0 = Release|Any CPU
		{699598F3-3BC6-478D-8D20-49DD53C6159E}.AppStore|x86.ActiveCfg = Release|Any CPU
		{699598F3-3BC6-478D-8D20-49DD53C6159E}.AppStore|x86.Build.0 = Release|Any CPU
		{699598F3-3BC6-478D-8D20-49DD53C6159E}.Debug|Any CPU.ActiveCfg = Debug|Any CPU
		{699598F3-3BC6-478D-8D20-49DD53C6159E}.Debug|Any CPU.Build.0 = Debug|Any CPU
		{699598F3-3BC6-478D-8D20-49DD53C6159E}.Debug|ARM.ActiveCfg = Debug|Any CPU
		{699598F3-3BC6-478D-8D20-49DD53C6159E}.Debug|ARM.Build.0 = Debug|Any CPU
		{699598F3-3BC6-478D-8D20-49DD53C6159E}.Debug|iPhone.ActiveCfg = Debug|Any CPU
		{699598F3-3BC6-478D-8D20-49DD53C6159E}.Debug|iPhone.Build.0 = Debug|Any CPU
		{699598F3-3BC6-478D-8D20-49DD53C6159E}.Debug|iPhoneSimulator.ActiveCfg = Debug|Any CPU
		{699598F3-3BC6-478D-8D20-49DD53C6159E}.Debug|iPhoneSimulator.Build.0 = Debug|Any CPU
		{699598F3-3BC6-478D-8D20-49DD53C6159E}.Debug|x64.ActiveCfg = Debug|Any CPU
		{699598F3-3BC6-478D-8D20-49DD53C6159E}.Debug|x64.Build.0 = Debug|Any CPU
		{699598F3-3BC6-478D-8D20-49DD53C6159E}.Debug|x86.ActiveCfg = Debug|Any CPU
		{699598F3-3BC6-478D-8D20-49DD53C6159E}.Debug|x86.Build.0 = Debug|Any CPU
		{699598F3-3BC6-478D-8D20-49DD53C6159E}.FullDebug|Any CPU.ActiveCfg = Debug|Any CPU
		{699598F3-3BC6-478D-8D20-49DD53C6159E}.FullDebug|Any CPU.Build.0 = Debug|Any CPU
		{699598F3-3BC6-478D-8D20-49DD53C6159E}.FullDebug|ARM.ActiveCfg = Debug|Any CPU
		{699598F3-3BC6-478D-8D20-49DD53C6159E}.FullDebug|ARM.Build.0 = Debug|Any CPU
		{699598F3-3BC6-478D-8D20-49DD53C6159E}.FullDebug|iPhone.ActiveCfg = Debug|Any CPU
		{699598F3-3BC6-478D-8D20-49DD53C6159E}.FullDebug|iPhone.Build.0 = Debug|Any CPU
		{699598F3-3BC6-478D-8D20-49DD53C6159E}.FullDebug|iPhoneSimulator.ActiveCfg = Debug|Any CPU
		{699598F3-3BC6-478D-8D20-49DD53C6159E}.FullDebug|iPhoneSimulator.Build.0 = Debug|Any CPU
		{699598F3-3BC6-478D-8D20-49DD53C6159E}.FullDebug|x64.ActiveCfg = Debug|Any CPU
		{699598F3-3BC6-478D-8D20-49DD53C6159E}.FullDebug|x64.Build.0 = Debug|Any CPU
		{699598F3-3BC6-478D-8D20-49DD53C6159E}.FullDebug|x86.ActiveCfg = Debug|Any CPU
		{699598F3-3BC6-478D-8D20-49DD53C6159E}.FullDebug|x86.Build.0 = Debug|Any CPU
		{699598F3-3BC6-478D-8D20-49DD53C6159E}.Release|Any CPU.ActiveCfg = Release|Any CPU
		{699598F3-3BC6-478D-8D20-49DD53C6159E}.Release|Any CPU.Build.0 = Release|Any CPU
		{699598F3-3BC6-478D-8D20-49DD53C6159E}.Release|ARM.ActiveCfg = Release|Any CPU
		{699598F3-3BC6-478D-8D20-49DD53C6159E}.Release|ARM.Build.0 = Release|Any CPU
		{699598F3-3BC6-478D-8D20-49DD53C6159E}.Release|iPhone.ActiveCfg = Release|Any CPU
		{699598F3-3BC6-478D-8D20-49DD53C6159E}.Release|iPhone.Build.0 = Release|Any CPU
		{699598F3-3BC6-478D-8D20-49DD53C6159E}.Release|iPhoneSimulator.ActiveCfg = Release|Any CPU
		{699598F3-3BC6-478D-8D20-49DD53C6159E}.Release|iPhoneSimulator.Build.0 = Release|Any CPU
		{699598F3-3BC6-478D-8D20-49DD53C6159E}.Release|x64.ActiveCfg = Release|Any CPU
		{699598F3-3BC6-478D-8D20-49DD53C6159E}.Release|x64.Build.0 = Release|Any CPU
		{699598F3-3BC6-478D-8D20-49DD53C6159E}.Release|x86.ActiveCfg = Release|Any CPU
		{699598F3-3BC6-478D-8D20-49DD53C6159E}.Release|x86.Build.0 = Release|Any CPU
		{AC93C24B-D1FC-44B6-ADB6-497F271F6F4F}.Ad-Hoc|Any CPU.ActiveCfg = Release|Any CPU
		{AC93C24B-D1FC-44B6-ADB6-497F271F6F4F}.Ad-Hoc|Any CPU.Build.0 = Release|Any CPU
		{AC93C24B-D1FC-44B6-ADB6-497F271F6F4F}.Ad-Hoc|ARM.ActiveCfg = Release|Any CPU
		{AC93C24B-D1FC-44B6-ADB6-497F271F6F4F}.Ad-Hoc|ARM.Build.0 = Release|Any CPU
		{AC93C24B-D1FC-44B6-ADB6-497F271F6F4F}.Ad-Hoc|iPhone.ActiveCfg = Release|Any CPU
		{AC93C24B-D1FC-44B6-ADB6-497F271F6F4F}.Ad-Hoc|iPhone.Build.0 = Release|Any CPU
		{AC93C24B-D1FC-44B6-ADB6-497F271F6F4F}.Ad-Hoc|iPhoneSimulator.ActiveCfg = Release|Any CPU
		{AC93C24B-D1FC-44B6-ADB6-497F271F6F4F}.Ad-Hoc|iPhoneSimulator.Build.0 = Release|Any CPU
		{AC93C24B-D1FC-44B6-ADB6-497F271F6F4F}.Ad-Hoc|x64.ActiveCfg = Release|Any CPU
		{AC93C24B-D1FC-44B6-ADB6-497F271F6F4F}.Ad-Hoc|x64.Build.0 = Release|Any CPU
		{AC93C24B-D1FC-44B6-ADB6-497F271F6F4F}.Ad-Hoc|x86.ActiveCfg = Release|Any CPU
		{AC93C24B-D1FC-44B6-ADB6-497F271F6F4F}.Ad-Hoc|x86.Build.0 = Release|Any CPU
		{AC93C24B-D1FC-44B6-ADB6-497F271F6F4F}.AppStore|Any CPU.ActiveCfg = Release|Any CPU
		{AC93C24B-D1FC-44B6-ADB6-497F271F6F4F}.AppStore|Any CPU.Build.0 = Release|Any CPU
		{AC93C24B-D1FC-44B6-ADB6-497F271F6F4F}.AppStore|ARM.ActiveCfg = Release|Any CPU
		{AC93C24B-D1FC-44B6-ADB6-497F271F6F4F}.AppStore|ARM.Build.0 = Release|Any CPU
		{AC93C24B-D1FC-44B6-ADB6-497F271F6F4F}.AppStore|iPhone.ActiveCfg = Release|Any CPU
		{AC93C24B-D1FC-44B6-ADB6-497F271F6F4F}.AppStore|iPhone.Build.0 = Release|Any CPU
		{AC93C24B-D1FC-44B6-ADB6-497F271F6F4F}.AppStore|iPhoneSimulator.ActiveCfg = Release|Any CPU
		{AC93C24B-D1FC-44B6-ADB6-497F271F6F4F}.AppStore|iPhoneSimulator.Build.0 = Release|Any CPU
		{AC93C24B-D1FC-44B6-ADB6-497F271F6F4F}.AppStore|x64.ActiveCfg = Release|Any CPU
		{AC93C24B-D1FC-44B6-ADB6-497F271F6F4F}.AppStore|x64.Build.0 = Release|Any CPU
		{AC93C24B-D1FC-44B6-ADB6-497F271F6F4F}.AppStore|x86.ActiveCfg = Release|Any CPU
		{AC93C24B-D1FC-44B6-ADB6-497F271F6F4F}.AppStore|x86.Build.0 = Release|Any CPU
		{AC93C24B-D1FC-44B6-ADB6-497F271F6F4F}.Debug|Any CPU.ActiveCfg = Debug|Any CPU
		{AC93C24B-D1FC-44B6-ADB6-497F271F6F4F}.Debug|Any CPU.Build.0 = Debug|Any CPU
		{AC93C24B-D1FC-44B6-ADB6-497F271F6F4F}.Debug|ARM.ActiveCfg = Debug|Any CPU
		{AC93C24B-D1FC-44B6-ADB6-497F271F6F4F}.Debug|ARM.Build.0 = Debug|Any CPU
		{AC93C24B-D1FC-44B6-ADB6-497F271F6F4F}.Debug|iPhone.ActiveCfg = Debug|Any CPU
		{AC93C24B-D1FC-44B6-ADB6-497F271F6F4F}.Debug|iPhone.Build.0 = Debug|Any CPU
		{AC93C24B-D1FC-44B6-ADB6-497F271F6F4F}.Debug|iPhoneSimulator.ActiveCfg = Debug|Any CPU
		{AC93C24B-D1FC-44B6-ADB6-497F271F6F4F}.Debug|iPhoneSimulator.Build.0 = Debug|Any CPU
		{AC93C24B-D1FC-44B6-ADB6-497F271F6F4F}.Debug|x64.ActiveCfg = Debug|Any CPU
		{AC93C24B-D1FC-44B6-ADB6-497F271F6F4F}.Debug|x64.Build.0 = Debug|Any CPU
		{AC93C24B-D1FC-44B6-ADB6-497F271F6F4F}.Debug|x86.ActiveCfg = Debug|Any CPU
		{AC93C24B-D1FC-44B6-ADB6-497F271F6F4F}.Debug|x86.Build.0 = Debug|Any CPU
		{AC93C24B-D1FC-44B6-ADB6-497F271F6F4F}.FullDebug|Any CPU.ActiveCfg = Debug|Any CPU
		{AC93C24B-D1FC-44B6-ADB6-497F271F6F4F}.FullDebug|Any CPU.Build.0 = Debug|Any CPU
		{AC93C24B-D1FC-44B6-ADB6-497F271F6F4F}.FullDebug|ARM.ActiveCfg = Debug|Any CPU
		{AC93C24B-D1FC-44B6-ADB6-497F271F6F4F}.FullDebug|ARM.Build.0 = Debug|Any CPU
		{AC93C24B-D1FC-44B6-ADB6-497F271F6F4F}.FullDebug|iPhone.ActiveCfg = Debug|Any CPU
		{AC93C24B-D1FC-44B6-ADB6-497F271F6F4F}.FullDebug|iPhone.Build.0 = Debug|Any CPU
		{AC93C24B-D1FC-44B6-ADB6-497F271F6F4F}.FullDebug|iPhoneSimulator.ActiveCfg = Debug|Any CPU
		{AC93C24B-D1FC-44B6-ADB6-497F271F6F4F}.FullDebug|iPhoneSimulator.Build.0 = Debug|Any CPU
		{AC93C24B-D1FC-44B6-ADB6-497F271F6F4F}.FullDebug|x64.ActiveCfg = Debug|Any CPU
		{AC93C24B-D1FC-44B6-ADB6-497F271F6F4F}.FullDebug|x64.Build.0 = Debug|Any CPU
		{AC93C24B-D1FC-44B6-ADB6-497F271F6F4F}.FullDebug|x86.ActiveCfg = Debug|Any CPU
		{AC93C24B-D1FC-44B6-ADB6-497F271F6F4F}.FullDebug|x86.Build.0 = Debug|Any CPU
		{AC93C24B-D1FC-44B6-ADB6-497F271F6F4F}.Release|Any CPU.ActiveCfg = Release|Any CPU
		{AC93C24B-D1FC-44B6-ADB6-497F271F6F4F}.Release|Any CPU.Build.0 = Release|Any CPU
		{AC93C24B-D1FC-44B6-ADB6-497F271F6F4F}.Release|ARM.ActiveCfg = Release|Any CPU
		{AC93C24B-D1FC-44B6-ADB6-497F271F6F4F}.Release|ARM.Build.0 = Release|Any CPU
		{AC93C24B-D1FC-44B6-ADB6-497F271F6F4F}.Release|iPhone.ActiveCfg = Release|Any CPU
		{AC93C24B-D1FC-44B6-ADB6-497F271F6F4F}.Release|iPhone.Build.0 = Release|Any CPU
		{AC93C24B-D1FC-44B6-ADB6-497F271F6F4F}.Release|iPhoneSimulator.ActiveCfg = Release|Any CPU
		{AC93C24B-D1FC-44B6-ADB6-497F271F6F4F}.Release|iPhoneSimulator.Build.0 = Release|Any CPU
		{AC93C24B-D1FC-44B6-ADB6-497F271F6F4F}.Release|x64.ActiveCfg = Release|Any CPU
		{AC93C24B-D1FC-44B6-ADB6-497F271F6F4F}.Release|x64.Build.0 = Release|Any CPU
		{AC93C24B-D1FC-44B6-ADB6-497F271F6F4F}.Release|x86.ActiveCfg = Release|Any CPU
		{AC93C24B-D1FC-44B6-ADB6-497F271F6F4F}.Release|x86.Build.0 = Release|Any CPU
		{83DE17FA-F3BD-4BA8-9C61-FD3525A0A1EA}.Ad-Hoc|Any CPU.ActiveCfg = Release|Any CPU
		{83DE17FA-F3BD-4BA8-9C61-FD3525A0A1EA}.Ad-Hoc|Any CPU.Build.0 = Release|Any CPU
		{83DE17FA-F3BD-4BA8-9C61-FD3525A0A1EA}.Ad-Hoc|ARM.ActiveCfg = Release|Any CPU
		{83DE17FA-F3BD-4BA8-9C61-FD3525A0A1EA}.Ad-Hoc|ARM.Build.0 = Release|Any CPU
		{83DE17FA-F3BD-4BA8-9C61-FD3525A0A1EA}.Ad-Hoc|iPhone.ActiveCfg = Release|Any CPU
		{83DE17FA-F3BD-4BA8-9C61-FD3525A0A1EA}.Ad-Hoc|iPhone.Build.0 = Release|Any CPU
		{83DE17FA-F3BD-4BA8-9C61-FD3525A0A1EA}.Ad-Hoc|iPhoneSimulator.ActiveCfg = Release|Any CPU
		{83DE17FA-F3BD-4BA8-9C61-FD3525A0A1EA}.Ad-Hoc|iPhoneSimulator.Build.0 = Release|Any CPU
		{83DE17FA-F3BD-4BA8-9C61-FD3525A0A1EA}.Ad-Hoc|x64.ActiveCfg = Release|Any CPU
		{83DE17FA-F3BD-4BA8-9C61-FD3525A0A1EA}.Ad-Hoc|x64.Build.0 = Release|Any CPU
		{83DE17FA-F3BD-4BA8-9C61-FD3525A0A1EA}.Ad-Hoc|x86.ActiveCfg = Release|Any CPU
		{83DE17FA-F3BD-4BA8-9C61-FD3525A0A1EA}.Ad-Hoc|x86.Build.0 = Release|Any CPU
		{83DE17FA-F3BD-4BA8-9C61-FD3525A0A1EA}.AppStore|Any CPU.ActiveCfg = Release|Any CPU
		{83DE17FA-F3BD-4BA8-9C61-FD3525A0A1EA}.AppStore|Any CPU.Build.0 = Release|Any CPU
		{83DE17FA-F3BD-4BA8-9C61-FD3525A0A1EA}.AppStore|ARM.ActiveCfg = Release|Any CPU
		{83DE17FA-F3BD-4BA8-9C61-FD3525A0A1EA}.AppStore|ARM.Build.0 = Release|Any CPU
		{83DE17FA-F3BD-4BA8-9C61-FD3525A0A1EA}.AppStore|iPhone.ActiveCfg = Release|Any CPU
		{83DE17FA-F3BD-4BA8-9C61-FD3525A0A1EA}.AppStore|iPhone.Build.0 = Release|Any CPU
		{83DE17FA-F3BD-4BA8-9C61-FD3525A0A1EA}.AppStore|iPhoneSimulator.ActiveCfg = Release|Any CPU
		{83DE17FA-F3BD-4BA8-9C61-FD3525A0A1EA}.AppStore|iPhoneSimulator.Build.0 = Release|Any CPU
		{83DE17FA-F3BD-4BA8-9C61-FD3525A0A1EA}.AppStore|x64.ActiveCfg = Release|Any CPU
		{83DE17FA-F3BD-4BA8-9C61-FD3525A0A1EA}.AppStore|x64.Build.0 = Release|Any CPU
		{83DE17FA-F3BD-4BA8-9C61-FD3525A0A1EA}.AppStore|x86.ActiveCfg = Release|Any CPU
		{83DE17FA-F3BD-4BA8-9C61-FD3525A0A1EA}.AppStore|x86.Build.0 = Release|Any CPU
		{83DE17FA-F3BD-4BA8-9C61-FD3525A0A1EA}.Debug|Any CPU.ActiveCfg = Debug|Any CPU
		{83DE17FA-F3BD-4BA8-9C61-FD3525A0A1EA}.Debug|Any CPU.Build.0 = Debug|Any CPU
		{83DE17FA-F3BD-4BA8-9C61-FD3525A0A1EA}.Debug|ARM.ActiveCfg = Debug|Any CPU
		{83DE17FA-F3BD-4BA8-9C61-FD3525A0A1EA}.Debug|ARM.Build.0 = Debug|Any CPU
		{83DE17FA-F3BD-4BA8-9C61-FD3525A0A1EA}.Debug|iPhone.ActiveCfg = Debug|Any CPU
		{83DE17FA-F3BD-4BA8-9C61-FD3525A0A1EA}.Debug|iPhone.Build.0 = Debug|Any CPU
		{83DE17FA-F3BD-4BA8-9C61-FD3525A0A1EA}.Debug|iPhoneSimulator.ActiveCfg = Debug|Any CPU
		{83DE17FA-F3BD-4BA8-9C61-FD3525A0A1EA}.Debug|iPhoneSimulator.Build.0 = Debug|Any CPU
		{83DE17FA-F3BD-4BA8-9C61-FD3525A0A1EA}.Debug|x64.ActiveCfg = Debug|Any CPU
		{83DE17FA-F3BD-4BA8-9C61-FD3525A0A1EA}.Debug|x64.Build.0 = Debug|Any CPU
		{83DE17FA-F3BD-4BA8-9C61-FD3525A0A1EA}.Debug|x86.ActiveCfg = Debug|Any CPU
		{83DE17FA-F3BD-4BA8-9C61-FD3525A0A1EA}.Debug|x86.Build.0 = Debug|Any CPU
		{83DE17FA-F3BD-4BA8-9C61-FD3525A0A1EA}.FullDebug|Any CPU.ActiveCfg = Debug|Any CPU
		{83DE17FA-F3BD-4BA8-9C61-FD3525A0A1EA}.FullDebug|Any CPU.Build.0 = Debug|Any CPU
		{83DE17FA-F3BD-4BA8-9C61-FD3525A0A1EA}.FullDebug|ARM.ActiveCfg = Debug|Any CPU
		{83DE17FA-F3BD-4BA8-9C61-FD3525A0A1EA}.FullDebug|ARM.Build.0 = Debug|Any CPU
		{83DE17FA-F3BD-4BA8-9C61-FD3525A0A1EA}.FullDebug|iPhone.ActiveCfg = Debug|Any CPU
		{83DE17FA-F3BD-4BA8-9C61-FD3525A0A1EA}.FullDebug|iPhone.Build.0 = Debug|Any CPU
		{83DE17FA-F3BD-4BA8-9C61-FD3525A0A1EA}.FullDebug|iPhoneSimulator.ActiveCfg = Debug|Any CPU
		{83DE17FA-F3BD-4BA8-9C61-FD3525A0A1EA}.FullDebug|iPhoneSimulator.Build.0 = Debug|Any CPU
		{83DE17FA-F3BD-4BA8-9C61-FD3525A0A1EA}.FullDebug|x64.ActiveCfg = Debug|Any CPU
		{83DE17FA-F3BD-4BA8-9C61-FD3525A0A1EA}.FullDebug|x64.Build.0 = Debug|Any CPU
		{83DE17FA-F3BD-4BA8-9C61-FD3525A0A1EA}.FullDebug|x86.ActiveCfg = Debug|Any CPU
		{83DE17FA-F3BD-4BA8-9C61-FD3525A0A1EA}.FullDebug|x86.Build.0 = Debug|Any CPU
		{83DE17FA-F3BD-4BA8-9C61-FD3525A0A1EA}.Release|Any CPU.ActiveCfg = Release|Any CPU
		{83DE17FA-F3BD-4BA8-9C61-FD3525A0A1EA}.Release|Any CPU.Build.0 = Release|Any CPU
		{83DE17FA-F3BD-4BA8-9C61-FD3525A0A1EA}.Release|ARM.ActiveCfg = Release|Any CPU
		{83DE17FA-F3BD-4BA8-9C61-FD3525A0A1EA}.Release|ARM.Build.0 = Release|Any CPU
		{83DE17FA-F3BD-4BA8-9C61-FD3525A0A1EA}.Release|iPhone.ActiveCfg = Release|Any CPU
		{83DE17FA-F3BD-4BA8-9C61-FD3525A0A1EA}.Release|iPhone.Build.0 = Release|Any CPU
		{83DE17FA-F3BD-4BA8-9C61-FD3525A0A1EA}.Release|iPhoneSimulator.ActiveCfg = Release|Any CPU
		{83DE17FA-F3BD-4BA8-9C61-FD3525A0A1EA}.Release|iPhoneSimulator.Build.0 = Release|Any CPU
		{83DE17FA-F3BD-4BA8-9C61-FD3525A0A1EA}.Release|x64.ActiveCfg = Release|Any CPU
		{83DE17FA-F3BD-4BA8-9C61-FD3525A0A1EA}.Release|x64.Build.0 = Release|Any CPU
		{83DE17FA-F3BD-4BA8-9C61-FD3525A0A1EA}.Release|x86.ActiveCfg = Release|Any CPU
		{83DE17FA-F3BD-4BA8-9C61-FD3525A0A1EA}.Release|x86.Build.0 = Release|Any CPU
		{675C40F3-1B2A-4FDE-997D-D0E9B130A5E8}.Ad-Hoc|Any CPU.ActiveCfg = Debug|Any CPU
		{675C40F3-1B2A-4FDE-997D-D0E9B130A5E8}.Ad-Hoc|Any CPU.Build.0 = Debug|Any CPU
		{675C40F3-1B2A-4FDE-997D-D0E9B130A5E8}.Ad-Hoc|ARM.ActiveCfg = Debug|Any CPU
		{675C40F3-1B2A-4FDE-997D-D0E9B130A5E8}.Ad-Hoc|ARM.Build.0 = Debug|Any CPU
		{675C40F3-1B2A-4FDE-997D-D0E9B130A5E8}.Ad-Hoc|iPhone.ActiveCfg = Debug|Any CPU
		{675C40F3-1B2A-4FDE-997D-D0E9B130A5E8}.Ad-Hoc|iPhone.Build.0 = Debug|Any CPU
		{675C40F3-1B2A-4FDE-997D-D0E9B130A5E8}.Ad-Hoc|iPhoneSimulator.ActiveCfg = Debug|Any CPU
		{675C40F3-1B2A-4FDE-997D-D0E9B130A5E8}.Ad-Hoc|iPhoneSimulator.Build.0 = Debug|Any CPU
		{675C40F3-1B2A-4FDE-997D-D0E9B130A5E8}.Ad-Hoc|x64.ActiveCfg = Debug|Any CPU
		{675C40F3-1B2A-4FDE-997D-D0E9B130A5E8}.Ad-Hoc|x64.Build.0 = Debug|Any CPU
		{675C40F3-1B2A-4FDE-997D-D0E9B130A5E8}.Ad-Hoc|x86.ActiveCfg = Debug|Any CPU
		{675C40F3-1B2A-4FDE-997D-D0E9B130A5E8}.Ad-Hoc|x86.Build.0 = Debug|Any CPU
		{675C40F3-1B2A-4FDE-997D-D0E9B130A5E8}.AppStore|Any CPU.ActiveCfg = Debug|Any CPU
		{675C40F3-1B2A-4FDE-997D-D0E9B130A5E8}.AppStore|Any CPU.Build.0 = Debug|Any CPU
		{675C40F3-1B2A-4FDE-997D-D0E9B130A5E8}.AppStore|ARM.ActiveCfg = Debug|Any CPU
		{675C40F3-1B2A-4FDE-997D-D0E9B130A5E8}.AppStore|ARM.Build.0 = Debug|Any CPU
		{675C40F3-1B2A-4FDE-997D-D0E9B130A5E8}.AppStore|iPhone.ActiveCfg = Debug|Any CPU
		{675C40F3-1B2A-4FDE-997D-D0E9B130A5E8}.AppStore|iPhone.Build.0 = Debug|Any CPU
		{675C40F3-1B2A-4FDE-997D-D0E9B130A5E8}.AppStore|iPhoneSimulator.ActiveCfg = Debug|Any CPU
		{675C40F3-1B2A-4FDE-997D-D0E9B130A5E8}.AppStore|iPhoneSimulator.Build.0 = Debug|Any CPU
		{675C40F3-1B2A-4FDE-997D-D0E9B130A5E8}.AppStore|x64.ActiveCfg = Debug|Any CPU
		{675C40F3-1B2A-4FDE-997D-D0E9B130A5E8}.AppStore|x64.Build.0 = Debug|Any CPU
		{675C40F3-1B2A-4FDE-997D-D0E9B130A5E8}.AppStore|x86.ActiveCfg = Debug|Any CPU
		{675C40F3-1B2A-4FDE-997D-D0E9B130A5E8}.AppStore|x86.Build.0 = Debug|Any CPU
		{675C40F3-1B2A-4FDE-997D-D0E9B130A5E8}.Debug|Any CPU.ActiveCfg = Debug|Any CPU
		{675C40F3-1B2A-4FDE-997D-D0E9B130A5E8}.Debug|Any CPU.Build.0 = Debug|Any CPU
		{675C40F3-1B2A-4FDE-997D-D0E9B130A5E8}.Debug|ARM.ActiveCfg = Debug|Any CPU
		{675C40F3-1B2A-4FDE-997D-D0E9B130A5E8}.Debug|ARM.Build.0 = Debug|Any CPU
		{675C40F3-1B2A-4FDE-997D-D0E9B130A5E8}.Debug|iPhone.ActiveCfg = Debug|Any CPU
		{675C40F3-1B2A-4FDE-997D-D0E9B130A5E8}.Debug|iPhone.Build.0 = Debug|Any CPU
		{675C40F3-1B2A-4FDE-997D-D0E9B130A5E8}.Debug|iPhoneSimulator.ActiveCfg = Debug|Any CPU
		{675C40F3-1B2A-4FDE-997D-D0E9B130A5E8}.Debug|iPhoneSimulator.Build.0 = Debug|Any CPU
		{675C40F3-1B2A-4FDE-997D-D0E9B130A5E8}.Debug|x64.ActiveCfg = Debug|Any CPU
		{675C40F3-1B2A-4FDE-997D-D0E9B130A5E8}.Debug|x64.Build.0 = Debug|Any CPU
		{675C40F3-1B2A-4FDE-997D-D0E9B130A5E8}.Debug|x86.ActiveCfg = Debug|Any CPU
		{675C40F3-1B2A-4FDE-997D-D0E9B130A5E8}.Debug|x86.Build.0 = Debug|Any CPU
		{675C40F3-1B2A-4FDE-997D-D0E9B130A5E8}.FullDebug|Any CPU.ActiveCfg = Debug|Any CPU
		{675C40F3-1B2A-4FDE-997D-D0E9B130A5E8}.FullDebug|Any CPU.Build.0 = Debug|Any CPU
		{675C40F3-1B2A-4FDE-997D-D0E9B130A5E8}.FullDebug|ARM.ActiveCfg = Debug|Any CPU
		{675C40F3-1B2A-4FDE-997D-D0E9B130A5E8}.FullDebug|ARM.Build.0 = Debug|Any CPU
		{675C40F3-1B2A-4FDE-997D-D0E9B130A5E8}.FullDebug|iPhone.ActiveCfg = Debug|Any CPU
		{675C40F3-1B2A-4FDE-997D-D0E9B130A5E8}.FullDebug|iPhone.Build.0 = Debug|Any CPU
		{675C40F3-1B2A-4FDE-997D-D0E9B130A5E8}.FullDebug|iPhoneSimulator.ActiveCfg = Debug|Any CPU
		{675C40F3-1B2A-4FDE-997D-D0E9B130A5E8}.FullDebug|iPhoneSimulator.Build.0 = Debug|Any CPU
		{675C40F3-1B2A-4FDE-997D-D0E9B130A5E8}.FullDebug|x64.ActiveCfg = Debug|Any CPU
		{675C40F3-1B2A-4FDE-997D-D0E9B130A5E8}.FullDebug|x64.Build.0 = Debug|Any CPU
		{675C40F3-1B2A-4FDE-997D-D0E9B130A5E8}.FullDebug|x86.ActiveCfg = Debug|Any CPU
		{675C40F3-1B2A-4FDE-997D-D0E9B130A5E8}.FullDebug|x86.Build.0 = Debug|Any CPU
		{675C40F3-1B2A-4FDE-997D-D0E9B130A5E8}.Release|Any CPU.ActiveCfg = Release|Any CPU
		{675C40F3-1B2A-4FDE-997D-D0E9B130A5E8}.Release|Any CPU.Build.0 = Release|Any CPU
		{675C40F3-1B2A-4FDE-997D-D0E9B130A5E8}.Release|ARM.ActiveCfg = Release|Any CPU
		{675C40F3-1B2A-4FDE-997D-D0E9B130A5E8}.Release|ARM.Build.0 = Release|Any CPU
		{675C40F3-1B2A-4FDE-997D-D0E9B130A5E8}.Release|iPhone.ActiveCfg = Release|Any CPU
		{675C40F3-1B2A-4FDE-997D-D0E9B130A5E8}.Release|iPhone.Build.0 = Release|Any CPU
		{675C40F3-1B2A-4FDE-997D-D0E9B130A5E8}.Release|iPhoneSimulator.ActiveCfg = Release|Any CPU
		{675C40F3-1B2A-4FDE-997D-D0E9B130A5E8}.Release|iPhoneSimulator.Build.0 = Release|Any CPU
		{675C40F3-1B2A-4FDE-997D-D0E9B130A5E8}.Release|x64.ActiveCfg = Release|Any CPU
		{675C40F3-1B2A-4FDE-997D-D0E9B130A5E8}.Release|x64.Build.0 = Release|Any CPU
		{675C40F3-1B2A-4FDE-997D-D0E9B130A5E8}.Release|x86.ActiveCfg = Release|Any CPU
		{675C40F3-1B2A-4FDE-997D-D0E9B130A5E8}.Release|x86.Build.0 = Release|Any CPU
	EndGlobalSection
	GlobalSection(SolutionProperties) = preSolution
		HideSolutionNode = FALSE
	EndGlobalSection
	GlobalSection(ExtensibilityGlobals) = postSolution
		SolutionGuid = {D12181D7-7600-408B-B86F-463921A55DB8}
	EndGlobalSection
EndGlobal
