
Microsoft Visual Studio Solution File, Format Version 12.00
# Visual Studio 15
VisualStudioVersion = 15.0.25807.0
MinimumVisualStudioVersion = 10.0.40219.1
Project("{FAE04EC0-301F-11D3-BF4B-00C04F79EFBC}") = "Groorine.UWP", "Groorine2\Groorine.UWP.csproj", "{D331D9AC-6B74-4393-B57C-DEB03C0D3F0F}"
EndProject
Project("{FAE04EC0-301F-11D3-BF4B-00C04F79EFBC}") = "GroorineCore", "GroorineCore\GroorineCore.csproj", "{78C9371C-C543-4B1B-91F9-E55E3E602DD1}"
EndProject
Project("{FAE04EC0-301F-11D3-BF4B-00C04F79EFBC}") = "GroorineTest", "GroorineTest\GroorineTest.csproj", "{80E7F107-9FA2-4DCF-84C5-E34DA5DEA5D7}"
EndProject
Project("{2150E333-8FDC-42A3-9474-1A3956D46DE8}") = "Documentation", "Documentation", "{7DB0F6F4-01B1-4CB7-8BBC-B7A6E2B96962}"
	ProjectSection(SolutionItems) = preProject
		Documentation\IAudioSource.md = Documentation\IAudioSource.md
		Documentation\Mssf.md = Documentation\Mssf.md
	EndProjectSection
EndProject
Project("{FAE04EC0-301F-11D3-BF4B-00C04F79EFBC}") = "Groorine.XamForms", "Groorine.XamForms\Groorine.XamForms\Groorine.XamForms.csproj", "{968E5C78-EE03-4C21-8FDA-409D8946AAA2}"
	ProjectSection(ProjectDependencies) = postProject
		{78C9371C-C543-4B1B-91F9-E55E3E602DD1} = {78C9371C-C543-4B1B-91F9-E55E3E602DD1}
	EndProjectSection
EndProject
Project("{FAE04EC0-301F-11D3-BF4B-00C04F79EFBC}") = "Groorine.XamForms.Droid", "Groorine.XamForms\Groorine.XamForms.Droid\Groorine.XamForms.Droid.csproj", "{0D7BF57C-A689-4519-B557-72F92E5F16CE}"
EndProject
Project("{FAE04EC0-301F-11D3-BF4B-00C04F79EFBC}") = "Groorine.XamForms.iOS", "Groorine.XamForms\Groorine.XamForms.iOS\Groorine.XamForms.iOS.csproj", "{F8C561CD-1E0E-4F44-9F87-C74EC64AE77B}"
EndProject
Project("{FAE04EC0-301F-11D3-BF4B-00C04F79EFBC}") = "GroorineCore.DotNet45", "GroorineCore.DotNet45\GroorineCore.DotNet45.csproj", "{020D8FAF-322B-491D-843C-77374F2061DA}"
EndProject
Project("{D954291E-2A0B-460D-934E-DC6B0785DB48}") = "Groorine.Shared", "Groorine.Shared\Groorine.Shared.shproj", "{26ED2BE3-8BB1-40CE-A6A7-8545BD5406D1}"
EndProject
Global
	GlobalSection(SharedMSBuildProjectFiles) = preSolution
		Groorine.Shared\Groorine.Shared.projitems*{26ed2be3-8bb1-40ce-a6a7-8545bd5406d1}*SharedItemsImports = 13
	EndGlobalSection
	GlobalSection(SolutionConfigurationPlatforms) = preSolution
		Ad-Hoc|Any CPU = Ad-Hoc|Any CPU
		Ad-Hoc|ARM = Ad-Hoc|ARM
		Ad-Hoc|iPhone = Ad-Hoc|iPhone
		Ad-Hoc|iPhoneSimulator = Ad-Hoc|iPhoneSimulator
		Ad-Hoc|x64 = Ad-Hoc|x64
		Ad-Hoc|x86 = Ad-Hoc|x86
		AppStore|Any CPU = AppStore|Any CPU
		AppStore|ARM = AppStore|ARM
		AppStore|iPhone = AppStore|iPhone
		AppStore|iPhoneSimulator = AppStore|iPhoneSimulator
		AppStore|x64 = AppStore|x64
		AppStore|x86 = AppStore|x86
		Debug|Any CPU = Debug|Any CPU
		Debug|ARM = Debug|ARM
		Debug|iPhone = Debug|iPhone
		Debug|iPhoneSimulator = Debug|iPhoneSimulator
		Debug|x64 = Debug|x64
		Debug|x86 = Debug|x86
		FullDebug|Any CPU = FullDebug|Any CPU
		FullDebug|ARM = FullDebug|ARM
		FullDebug|iPhone = FullDebug|iPhone
		FullDebug|iPhoneSimulator = FullDebug|iPhoneSimulator
		FullDebug|x64 = FullDebug|x64
		FullDebug|x86 = FullDebug|x86
		Release|Any CPU = Release|Any CPU
		Release|ARM = Release|ARM
		Release|iPhone = Release|iPhone
		Release|iPhoneSimulator = Release|iPhoneSimulator
		Release|x64 = Release|x64
		Release|x86 = Release|x86
	EndGlobalSection
	GlobalSection(ProjectConfigurationPlatforms) = postSolution
		{D331D9AC-6B74-4393-B57C-DEB03C0D3F0F}.Ad-Hoc|Any CPU.ActiveCfg = Release|x64
		{D331D9AC-6B74-4393-B57C-DEB03C0D3F0F}.Ad-Hoc|Any CPU.Build.0 = Release|x64
		{D331D9AC-6B74-4393-B57C-DEB03C0D3F0F}.Ad-Hoc|Any CPU.Deploy.0 = Release|x64
		{D331D9AC-6B74-4393-B57C-DEB03C0D3F0F}.Ad-Hoc|ARM.ActiveCfg = Release|ARM
		{D331D9AC-6B74-4393-B57C-DEB03C0D3F0F}.Ad-Hoc|ARM.Build.0 = Release|ARM
		{D331D9AC-6B74-4393-B57C-DEB03C0D3F0F}.Ad-Hoc|ARM.Deploy.0 = Release|ARM
		{D331D9AC-6B74-4393-B57C-DEB03C0D3F0F}.Ad-Hoc|iPhone.ActiveCfg = Release|x64
		{D331D9AC-6B74-4393-B57C-DEB03C0D3F0F}.Ad-Hoc|iPhone.Build.0 = Release|x64
		{D331D9AC-6B74-4393-B57C-DEB03C0D3F0F}.Ad-Hoc|iPhone.Deploy.0 = Release|x64
		{D331D9AC-6B74-4393-B57C-DEB03C0D3F0F}.Ad-Hoc|iPhoneSimulator.ActiveCfg = Release|x64
		{D331D9AC-6B74-4393-B57C-DEB03C0D3F0F}.Ad-Hoc|iPhoneSimulator.Build.0 = Release|x64
		{D331D9AC-6B74-4393-B57C-DEB03C0D3F0F}.Ad-Hoc|iPhoneSimulator.Deploy.0 = Release|x64
		{D331D9AC-6B74-4393-B57C-DEB03C0D3F0F}.Ad-Hoc|x64.ActiveCfg = Release|x64
		{D331D9AC-6B74-4393-B57C-DEB03C0D3F0F}.Ad-Hoc|x64.Build.0 = Release|x64
		{D331D9AC-6B74-4393-B57C-DEB03C0D3F0F}.Ad-Hoc|x64.Deploy.0 = Release|x64
		{D331D9AC-6B74-4393-B57C-DEB03C0D3F0F}.Ad-Hoc|x86.ActiveCfg = Release|x86
		{D331D9AC-6B74-4393-B57C-DEB03C0D3F0F}.Ad-Hoc|x86.Build.0 = Release|x86
		{D331D9AC-6B74-4393-B57C-DEB03C0D3F0F}.Ad-Hoc|x86.Deploy.0 = Release|x86
		{D331D9AC-6B74-4393-B57C-DEB03C0D3F0F}.AppStore|Any CPU.ActiveCfg = Release|x64
		{D331D9AC-6B74-4393-B57C-DEB03C0D3F0F}.AppStore|Any CPU.Build.0 = Release|x64
		{D331D9AC-6B74-4393-B57C-DEB03C0D3F0F}.AppStore|Any CPU.Deploy.0 = Release|x64
		{D331D9AC-6B74-4393-B57C-DEB03C0D3F0F}.AppStore|ARM.ActiveCfg = Release|ARM
		{D331D9AC-6B74-4393-B57C-DEB03C0D3F0F}.AppStore|ARM.Build.0 = Release|ARM
		{D331D9AC-6B74-4393-B57C-DEB03C0D3F0F}.AppStore|ARM.Deploy.0 = Release|ARM
		{D331D9AC-6B74-4393-B57C-DEB03C0D3F0F}.AppStore|iPhone.ActiveCfg = Release|x64
		{D331D9AC-6B74-4393-B57C-DEB03C0D3F0F}.AppStore|iPhone.Build.0 = Release|x64
		{D331D9AC-6B74-4393-B57C-DEB03C0D3F0F}.AppStore|iPhone.Deploy.0 = Release|x64
		{D331D9AC-6B74-4393-B57C-DEB03C0D3F0F}.AppStore|iPhoneSimulator.ActiveCfg = Release|x64
		{D331D9AC-6B74-4393-B57C-DEB03C0D3F0F}.AppStore|iPhoneSimulator.Build.0 = Release|x64
		{D331D9AC-6B74-4393-B57C-DEB03C0D3F0F}.AppStore|iPhoneSimulator.Deploy.0 = Release|x64
		{D331D9AC-6B74-4393-B57C-DEB03C0D3F0F}.AppStore|x64.ActiveCfg = Release|x64
		{D331D9AC-6B74-4393-B57C-DEB03C0D3F0F}.AppStore|x64.Build.0 = Release|x64
		{D331D9AC-6B74-4393-B57C-DEB03C0D3F0F}.AppStore|x64.Deploy.0 = Release|x64
		{D331D9AC-6B74-4393-B57C-DEB03C0D3F0F}.AppStore|x86.ActiveCfg = Release|x86
		{D331D9AC-6B74-4393-B57C-DEB03C0D3F0F}.AppStore|x86.Build.0 = Release|x86
		{D331D9AC-6B74-4393-B57C-DEB03C0D3F0F}.AppStore|x86.Deploy.0 = Release|x86
		{D331D9AC-6B74-4393-B57C-DEB03C0D3F0F}.Debug|Any CPU.ActiveCfg = Client Debug|x86
		{D331D9AC-6B74-4393-B57C-DEB03C0D3F0F}.Debug|ARM.ActiveCfg = Client Debug|ARM
		{D331D9AC-6B74-4393-B57C-DEB03C0D3F0F}.Debug|ARM.Build.0 = Client Debug|ARM
		{D331D9AC-6B74-4393-B57C-DEB03C0D3F0F}.Debug|ARM.Deploy.0 = Client Debug|ARM
		{D331D9AC-6B74-4393-B57C-DEB03C0D3F0F}.Debug|iPhone.ActiveCfg = Debug|x86
		{D331D9AC-6B74-4393-B57C-DEB03C0D3F0F}.Debug|iPhoneSimulator.ActiveCfg = Debug|x86
		{D331D9AC-6B74-4393-B57C-DEB03C0D3F0F}.Debug|x64.ActiveCfg = Client Debug|x64
		{D331D9AC-6B74-4393-B57C-DEB03C0D3F0F}.Debug|x64.Build.0 = Client Debug|x64
		{D331D9AC-6B74-4393-B57C-DEB03C0D3F0F}.Debug|x64.Deploy.0 = Client Debug|x64
		{D331D9AC-6B74-4393-B57C-DEB03C0D3F0F}.Debug|x86.ActiveCfg = Client Debug|x86
		{D331D9AC-6B74-4393-B57C-DEB03C0D3F0F}.Debug|x86.Build.0 = Client Debug|x86
		{D331D9AC-6B74-4393-B57C-DEB03C0D3F0F}.Debug|x86.Deploy.0 = Client Debug|x86
		{D331D9AC-6B74-4393-B57C-DEB03C0D3F0F}.FullDebug|Any CPU.ActiveCfg = Debug|x64
		{D331D9AC-6B74-4393-B57C-DEB03C0D3F0F}.FullDebug|Any CPU.Build.0 = Debug|x64
		{D331D9AC-6B74-4393-B57C-DEB03C0D3F0F}.FullDebug|Any CPU.Deploy.0 = Debug|x64
		{D331D9AC-6B74-4393-B57C-DEB03C0D3F0F}.FullDebug|ARM.ActiveCfg = Debug|ARM
		{D331D9AC-6B74-4393-B57C-DEB03C0D3F0F}.FullDebug|ARM.Build.0 = Debug|ARM
		{D331D9AC-6B74-4393-B57C-DEB03C0D3F0F}.FullDebug|ARM.Deploy.0 = Debug|ARM
		{D331D9AC-6B74-4393-B57C-DEB03C0D3F0F}.FullDebug|iPhone.ActiveCfg = Debug|x86
		{D331D9AC-6B74-4393-B57C-DEB03C0D3F0F}.FullDebug|iPhoneSimulator.ActiveCfg = Debug|x86
		{D331D9AC-6B74-4393-B57C-DEB03C0D3F0F}.FullDebug|x64.ActiveCfg = Debug|x64
		{D331D9AC-6B74-4393-B57C-DEB03C0D3F0F}.FullDebug|x64.Build.0 = Debug|x64
		{D331D9AC-6B74-4393-B57C-DEB03C0D3F0F}.FullDebug|x64.Deploy.0 = Debug|x64
		{D331D9AC-6B74-4393-B57C-DEB03C0D3F0F}.FullDebug|x86.ActiveCfg = Debug|x86
		{D331D9AC-6B74-4393-B57C-DEB03C0D3F0F}.FullDebug|x86.Build.0 = Debug|x86
		{D331D9AC-6B74-4393-B57C-DEB03C0D3F0F}.FullDebug|x86.Deploy.0 = Debug|x86
		{D331D9AC-6B74-4393-B57C-DEB03C0D3F0F}.Release|Any CPU.ActiveCfg = Release|x86
		{D331D9AC-6B74-4393-B57C-DEB03C0D3F0F}.Release|ARM.ActiveCfg = Release|ARM
		{D331D9AC-6B74-4393-B57C-DEB03C0D3F0F}.Release|ARM.Build.0 = Release|ARM
		{D331D9AC-6B74-4393-B57C-DEB03C0D3F0F}.Release|ARM.Deploy.0 = Release|ARM
		{D331D9AC-6B74-4393-B57C-DEB03C0D3F0F}.Release|iPhone.ActiveCfg = Release|x86
		{D331D9AC-6B74-4393-B57C-DEB03C0D3F0F}.Release|iPhoneSimulator.ActiveCfg = Release|x86
		{D331D9AC-6B74-4393-B57C-DEB03C0D3F0F}.Release|x64.ActiveCfg = Release|x64
		{D331D9AC-6B74-4393-B57C-DEB03C0D3F0F}.Release|x64.Build.0 = Release|x64
		{D331D9AC-6B74-4393-B57C-DEB03C0D3F0F}.Release|x64.Deploy.0 = Release|x64
		{D331D9AC-6B74-4393-B57C-DEB03C0D3F0F}.Release|x86.ActiveCfg = Release|x86
		{D331D9AC-6B74-4393-B57C-DEB03C0D3F0F}.Release|x86.Build.0 = Release|x86
		{D331D9AC-6B74-4393-B57C-DEB03C0D3F0F}.Release|x86.Deploy.0 = Release|x86
		{78C9371C-C543-4B1B-91F9-E55E3E602DD1}.Ad-Hoc|Any CPU.ActiveCfg = Release|Any CPU
		{78C9371C-C543-4B1B-91F9-E55E3E602DD1}.Ad-Hoc|Any CPU.Build.0 = Release|Any CPU
		{78C9371C-C543-4B1B-91F9-E55E3E602DD1}.Ad-Hoc|ARM.ActiveCfg = Release|Any CPU
		{78C9371C-C543-4B1B-91F9-E55E3E602DD1}.Ad-Hoc|ARM.Build.0 = Release|Any CPU
		{78C9371C-C543-4B1B-91F9-E55E3E602DD1}.Ad-Hoc|iPhone.ActiveCfg = Release|Any CPU
		{78C9371C-C543-4B1B-91F9-E55E3E602DD1}.Ad-Hoc|iPhone.Build.0 = Release|Any CPU
		{78C9371C-C543-4B1B-91F9-E55E3E602DD1}.Ad-Hoc|iPhoneSimulator.ActiveCfg = Release|Any CPU
		{78C9371C-C543-4B1B-91F9-E55E3E602DD1}.Ad-Hoc|iPhoneSimulator.Build.0 = Release|Any CPU
		{78C9371C-C543-4B1B-91F9-E55E3E602DD1}.Ad-Hoc|x64.ActiveCfg = Release|Any CPU
		{78C9371C-C543-4B1B-91F9-E55E3E602DD1}.Ad-Hoc|x64.Build.0 = Release|Any CPU
		{78C9371C-C543-4B1B-91F9-E55E3E602DD1}.Ad-Hoc|x86.ActiveCfg = Release|Any CPU
		{78C9371C-C543-4B1B-91F9-E55E3E602DD1}.Ad-Hoc|x86.Build.0 = Release|Any CPU
		{78C9371C-C543-4B1B-91F9-E55E3E602DD1}.AppStore|Any CPU.ActiveCfg = Release|Any CPU
		{78C9371C-C543-4B1B-91F9-E55E3E602DD1}.AppStore|Any CPU.Build.0 = Release|Any CPU
		{78C9371C-C543-4B1B-91F9-E55E3E602DD1}.AppStore|ARM.ActiveCfg = Release|Any CPU
		{78C9371C-C543-4B1B-91F9-E55E3E602DD1}.AppStore|ARM.Build.0 = Release|Any CPU
		{78C9371C-C543-4B1B-91F9-E55E3E602DD1}.AppStore|iPhone.ActiveCfg = Release|Any CPU
		{78C9371C-C543-4B1B-91F9-E55E3E602DD1}.AppStore|iPhone.Build.0 = Release|Any CPU
		{78C9371C-C543-4B1B-91F9-E55E3E602DD1}.AppStore|iPhoneSimulator.ActiveCfg = Release|Any CPU
		{78C9371C-C543-4B1B-91F9-E55E3E602DD1}.AppStore|iPhoneSimulator.Build.0 = Release|Any CPU
		{78C9371C-C543-4B1B-91F9-E55E3E602DD1}.AppStore|x64.ActiveCfg = Release|Any CPU
		{78C9371C-C543-4B1B-91F9-E55E3E602DD1}.AppStore|x64.Build.0 = Release|Any CPU
		{78C9371C-C543-4B1B-91F9-E55E3E602DD1}.AppStore|x86.ActiveCfg = Release|Any CPU
		{78C9371C-C543-4B1B-91F9-E55E3E602DD1}.AppStore|x86.Build.0 = Release|Any CPU
		{78C9371C-C543-4B1B-91F9-E55E3E602DD1}.Debug|Any CPU.ActiveCfg = Client Debug|Any CPU
		{78C9371C-C543-4B1B-91F9-E55E3E602DD1}.Debug|Any CPU.Build.0 = Client Debug|Any CPU
		{78C9371C-C543-4B1B-91F9-E55E3E602DD1}.Debug|ARM.ActiveCfg = Debug|Any CPU
		{78C9371C-C543-4B1B-91F9-E55E3E602DD1}.Debug|ARM.Build.0 = Debug|Any CPU
		{78C9371C-C543-4B1B-91F9-E55E3E602DD1}.Debug|iPhone.ActiveCfg = Debug|Any CPU
		{78C9371C-C543-4B1B-91F9-E55E3E602DD1}.Debug|iPhone.Build.0 = Debug|Any CPU
		{78C9371C-C543-4B1B-91F9-E55E3E602DD1}.Debug|iPhoneSimulator.ActiveCfg = Debug|Any CPU
		{78C9371C-C543-4B1B-91F9-E55E3E602DD1}.Debug|iPhoneSimulator.Build.0 = Debug|Any CPU
		{78C9371C-C543-4B1B-91F9-E55E3E602DD1}.Debug|x64.ActiveCfg = Debug|Any CPU
		{78C9371C-C543-4B1B-91F9-E55E3E602DD1}.Debug|x64.Build.0 = Debug|Any CPU
		{78C9371C-C543-4B1B-91F9-E55E3E602DD1}.Debug|x86.ActiveCfg = Debug|Any CPU
		{78C9371C-C543-4B1B-91F9-E55E3E602DD1}.Debug|x86.Build.0 = Debug|Any CPU
		{78C9371C-C543-4B1B-91F9-E55E3E602DD1}.FullDebug|Any CPU.ActiveCfg = Debug|Any CPU
		{78C9371C-C543-4B1B-91F9-E55E3E602DD1}.FullDebug|Any CPU.Build.0 = Debug|Any CPU
		{78C9371C-C543-4B1B-91F9-E55E3E602DD1}.FullDebug|ARM.ActiveCfg = Debug|Any CPU
		{78C9371C-C543-4B1B-91F9-E55E3E602DD1}.FullDebug|ARM.Build.0 = Debug|Any CPU
		{78C9371C-C543-4B1B-91F9-E55E3E602DD1}.FullDebug|iPhone.ActiveCfg = Debug|Any CPU
		{78C9371C-C543-4B1B-91F9-E55E3E602DD1}.FullDebug|iPhone.Build.0 = Debug|Any CPU
		{78C9371C-C543-4B1B-91F9-E55E3E602DD1}.FullDebug|iPhoneSimulator.ActiveCfg = Debug|Any CPU
		{78C9371C-C543-4B1B-91F9-E55E3E602DD1}.FullDebug|iPhoneSimulator.Build.0 = Debug|Any CPU
		{78C9371C-C543-4B1B-91F9-E55E3E602DD1}.FullDebug|x64.ActiveCfg = Debug|Any CPU
		{78C9371C-C543-4B1B-91F9-E55E3E602DD1}.FullDebug|x64.Build.0 = Debug|Any CPU
		{78C9371C-C543-4B1B-91F9-E55E3E602DD1}.FullDebug|x86.ActiveCfg = Debug|Any CPU
		{78C9371C-C543-4B1B-91F9-E55E3E602DD1}.FullDebug|x86.Build.0 = Debug|Any CPU
		{78C9371C-C543-4B1B-91F9-E55E3E602DD1}.Release|Any CPU.ActiveCfg = Release|Any CPU
		{78C9371C-C543-4B1B-91F9-E55E3E602DD1}.Release|Any CPU.Build.0 = Release|Any CPU
		{78C9371C-C543-4B1B-91F9-E55E3E602DD1}.Release|ARM.ActiveCfg = Release|Any CPU
		{78C9371C-C543-4B1B-91F9-E55E3E602DD1}.Release|ARM.Build.0 = Release|Any CPU
		{78C9371C-C543-4B1B-91F9-E55E3E602DD1}.Release|iPhone.ActiveCfg = Release|Any CPU
		{78C9371C-C543-4B1B-91F9-E55E3E602DD1}.Release|iPhone.Build.0 = Release|Any CPU
		{78C9371C-C543-4B1B-91F9-E55E3E602DD1}.Release|iPhoneSimulator.ActiveCfg = Release|Any CPU
		{78C9371C-C543-4B1B-91F9-E55E3E602DD1}.Release|iPhoneSimulator.Build.0 = Release|Any CPU
		{78C9371C-C543-4B1B-91F9-E55E3E602DD1}.Release|x64.ActiveCfg = Release|Any CPU
		{78C9371C-C543-4B1B-91F9-E55E3E602DD1}.Release|x64.Build.0 = Release|Any CPU
		{78C9371C-C543-4B1B-91F9-E55E3E602DD1}.Release|x86.ActiveCfg = Release|Any CPU
		{78C9371C-C543-4B1B-91F9-E55E3E602DD1}.Release|x86.Build.0 = Release|Any CPU
		{80E7F107-9FA2-4DCF-84C5-E34DA5DEA5D7}.Ad-Hoc|Any CPU.ActiveCfg = Release|Any CPU
		{80E7F107-9FA2-4DCF-84C5-E34DA5DEA5D7}.Ad-Hoc|Any CPU.Build.0 = Release|Any CPU
		{80E7F107-9FA2-4DCF-84C5-E34DA5DEA5D7}.Ad-Hoc|ARM.ActiveCfg = Release|Any CPU
		{80E7F107-9FA2-4DCF-84C5-E34DA5DEA5D7}.Ad-Hoc|ARM.Build.0 = Release|Any CPU
		{80E7F107-9FA2-4DCF-84C5-E34DA5DEA5D7}.Ad-Hoc|iPhone.ActiveCfg = Release|Any CPU
		{80E7F107-9FA2-4DCF-84C5-E34DA5DEA5D7}.Ad-Hoc|iPhone.Build.0 = Release|Any CPU
		{80E7F107-9FA2-4DCF-84C5-E34DA5DEA5D7}.Ad-Hoc|iPhoneSimulator.ActiveCfg = Release|Any CPU
		{80E7F107-9FA2-4DCF-84C5-E34DA5DEA5D7}.Ad-Hoc|iPhoneSimulator.Build.0 = Release|Any CPU
		{80E7F107-9FA2-4DCF-84C5-E34DA5DEA5D7}.Ad-Hoc|x64.ActiveCfg = Release|Any CPU
		{80E7F107-9FA2-4DCF-84C5-E34DA5DEA5D7}.Ad-Hoc|x64.Build.0 = Release|Any CPU
		{80E7F107-9FA2-4DCF-84C5-E34DA5DEA5D7}.Ad-Hoc|x86.ActiveCfg = Release|Any CPU
		{80E7F107-9FA2-4DCF-84C5-E34DA5DEA5D7}.Ad-Hoc|x86.Build.0 = Release|Any CPU
		{80E7F107-9FA2-4DCF-84C5-E34DA5DEA5D7}.AppStore|Any CPU.ActiveCfg = Release|Any CPU
		{80E7F107-9FA2-4DCF-84C5-E34DA5DEA5D7}.AppStore|Any CPU.Build.0 = Release|Any CPU
		{80E7F107-9FA2-4DCF-84C5-E34DA5DEA5D7}.AppStore|ARM.ActiveCfg = Release|Any CPU
		{80E7F107-9FA2-4DCF-84C5-E34DA5DEA5D7}.AppStore|ARM.Build.0 = Release|Any CPU
		{80E7F107-9FA2-4DCF-84C5-E34DA5DEA5D7}.AppStore|iPhone.ActiveCfg = Release|Any CPU
		{80E7F107-9FA2-4DCF-84C5-E34DA5DEA5D7}.AppStore|iPhone.Build.0 = Release|Any CPU
		{80E7F107-9FA2-4DCF-84C5-E34DA5DEA5D7}.AppStore|iPhoneSimulator.ActiveCfg = Release|Any CPU
		{80E7F107-9FA2-4DCF-84C5-E34DA5DEA5D7}.AppStore|iPhoneSimulator.Build.0 = Release|Any CPU
		{80E7F107-9FA2-4DCF-84C5-E34DA5DEA5D7}.AppStore|x64.ActiveCfg = Release|Any CPU
		{80E7F107-9FA2-4DCF-84C5-E34DA5DEA5D7}.AppStore|x64.Build.0 = Release|Any CPU
		{80E7F107-9FA2-4DCF-84C5-E34DA5DEA5D7}.AppStore|x86.ActiveCfg = Release|Any CPU
		{80E7F107-9FA2-4DCF-84C5-E34DA5DEA5D7}.AppStore|x86.Build.0 = Release|Any CPU
		{80E7F107-9FA2-4DCF-84C5-E34DA5DEA5D7}.Debug|Any CPU.ActiveCfg = Client Debug|Any CPU
		{80E7F107-9FA2-4DCF-84C5-E34DA5DEA5D7}.Debug|Any CPU.Build.0 = Client Debug|Any CPU
		{80E7F107-9FA2-4DCF-84C5-E34DA5DEA5D7}.Debug|ARM.ActiveCfg = Debug|Any CPU
		{80E7F107-9FA2-4DCF-84C5-E34DA5DEA5D7}.Debug|ARM.Build.0 = Debug|Any CPU
		{80E7F107-9FA2-4DCF-84C5-E34DA5DEA5D7}.Debug|iPhone.ActiveCfg = Debug|Any CPU
		{80E7F107-9FA2-4DCF-84C5-E34DA5DEA5D7}.Debug|iPhone.Build.0 = Debug|Any CPU
		{80E7F107-9FA2-4DCF-84C5-E34DA5DEA5D7}.Debug|iPhoneSimulator.ActiveCfg = Debug|Any CPU
		{80E7F107-9FA2-4DCF-84C5-E34DA5DEA5D7}.Debug|iPhoneSimulator.Build.0 = Debug|Any CPU
		{80E7F107-9FA2-4DCF-84C5-E34DA5DEA5D7}.Debug|x64.ActiveCfg = Debug|Any CPU
		{80E7F107-9FA2-4DCF-84C5-E34DA5DEA5D7}.Debug|x64.Build.0 = Debug|Any CPU
		{80E7F107-9FA2-4DCF-84C5-E34DA5DEA5D7}.Debug|x86.ActiveCfg = Debug|Any CPU
		{80E7F107-9FA2-4DCF-84C5-E34DA5DEA5D7}.Debug|x86.Build.0 = Debug|Any CPU
		{80E7F107-9FA2-4DCF-84C5-E34DA5DEA5D7}.FullDebug|Any CPU.ActiveCfg = Debug|Any CPU
		{80E7F107-9FA2-4DCF-84C5-E34DA5DEA5D7}.FullDebug|Any CPU.Build.0 = Debug|Any CPU
		{80E7F107-9FA2-4DCF-84C5-E34DA5DEA5D7}.FullDebug|ARM.ActiveCfg = Debug|Any CPU
		{80E7F107-9FA2-4DCF-84C5-E34DA5DEA5D7}.FullDebug|ARM.Build.0 = Debug|Any CPU
		{80E7F107-9FA2-4DCF-84C5-E34DA5DEA5D7}.FullDebug|iPhone.ActiveCfg = Debug|Any CPU
		{80E7F107-9FA2-4DCF-84C5-E34DA5DEA5D7}.FullDebug|iPhone.Build.0 = Debug|Any CPU
		{80E7F107-9FA2-4DCF-84C5-E34DA5DEA5D7}.FullDebug|iPhoneSimulator.ActiveCfg = Debug|Any CPU
		{80E7F107-9FA2-4DCF-84C5-E34DA5DEA5D7}.FullDebug|iPhoneSimulator.Build.0 = Debug|Any CPU
		{80E7F107-9FA2-4DCF-84C5-E34DA5DEA5D7}.FullDebug|x64.ActiveCfg = Debug|Any CPU
		{80E7F107-9FA2-4DCF-84C5-E34DA5DEA5D7}.FullDebug|x64.Build.0 = Debug|Any CPU
		{80E7F107-9FA2-4DCF-84C5-E34DA5DEA5D7}.FullDebug|x86.ActiveCfg = Debug|Any CPU
		{80E7F107-9FA2-4DCF-84C5-E34DA5DEA5D7}.FullDebug|x86.Build.0 = Debug|Any CPU
		{80E7F107-9FA2-4DCF-84C5-E34DA5DEA5D7}.Release|Any CPU.ActiveCfg = Release|Any CPU
		{80E7F107-9FA2-4DCF-84C5-E34DA5DEA5D7}.Release|Any CPU.Build.0 = Release|Any CPU
		{80E7F107-9FA2-4DCF-84C5-E34DA5DEA5D7}.Release|ARM.ActiveCfg = Release|Any CPU
		{80E7F107-9FA2-4DCF-84C5-E34DA5DEA5D7}.Release|ARM.Build.0 = Release|Any CPU
		{80E7F107-9FA2-4DCF-84C5-E34DA5DEA5D7}.Release|iPhone.ActiveCfg = Release|Any CPU
		{80E7F107-9FA2-4DCF-84C5-E34DA5DEA5D7}.Release|iPhone.Build.0 = Release|Any CPU
		{80E7F107-9FA2-4DCF-84C5-E34DA5DEA5D7}.Release|iPhoneSimulator.ActiveCfg = Release|Any CPU
		{80E7F107-9FA2-4DCF-84C5-E34DA5DEA5D7}.Release|iPhoneSimulator.Build.0 = Release|Any CPU
		{80E7F107-9FA2-4DCF-84C5-E34DA5DEA5D7}.Release|x64.ActiveCfg = Release|Any CPU
		{80E7F107-9FA2-4DCF-84C5-E34DA5DEA5D7}.Release|x64.Build.0 = Release|Any CPU
		{80E7F107-9FA2-4DCF-84C5-E34DA5DEA5D7}.Release|x86.ActiveCfg = Release|Any CPU
		{80E7F107-9FA2-4DCF-84C5-E34DA5DEA5D7}.Release|x86.Build.0 = Release|Any CPU
		{968E5C78-EE03-4C21-8FDA-409D8946AAA2}.Ad-Hoc|Any CPU.ActiveCfg = Release|Any CPU
		{968E5C78-EE03-4C21-8FDA-409D8946AAA2}.Ad-Hoc|Any CPU.Build.0 = Release|Any CPU
		{968E5C78-EE03-4C21-8FDA-409D8946AAA2}.Ad-Hoc|ARM.ActiveCfg = Release|Any CPU
		{968E5C78-EE03-4C21-8FDA-409D8946AAA2}.Ad-Hoc|ARM.Build.0 = Release|Any CPU
		{968E5C78-EE03-4C21-8FDA-409D8946AAA2}.Ad-Hoc|iPhone.ActiveCfg = Release|Any CPU
		{968E5C78-EE03-4C21-8FDA-409D8946AAA2}.Ad-Hoc|iPhone.Build.0 = Release|Any CPU
		{968E5C78-EE03-4C21-8FDA-409D8946AAA2}.Ad-Hoc|iPhoneSimulator.ActiveCfg = Release|Any CPU
		{968E5C78-EE03-4C21-8FDA-409D8946AAA2}.Ad-Hoc|iPhoneSimulator.Build.0 = Release|Any CPU
		{968E5C78-EE03-4C21-8FDA-409D8946AAA2}.Ad-Hoc|x64.ActiveCfg = Release|Any CPU
		{968E5C78-EE03-4C21-8FDA-409D8946AAA2}.Ad-Hoc|x64.Build.0 = Release|Any CPU
		{968E5C78-EE03-4C21-8FDA-409D8946AAA2}.Ad-Hoc|x86.ActiveCfg = Release|Any CPU
		{968E5C78-EE03-4C21-8FDA-409D8946AAA2}.Ad-Hoc|x86.Build.0 = Release|Any CPU
		{968E5C78-EE03-4C21-8FDA-409D8946AAA2}.AppStore|Any CPU.ActiveCfg = Release|Any CPU
		{968E5C78-EE03-4C21-8FDA-409D8946AAA2}.AppStore|Any CPU.Build.0 = Release|Any CPU
		{968E5C78-EE03-4C21-8FDA-409D8946AAA2}.AppStore|ARM.ActiveCfg = Release|Any CPU
		{968E5C78-EE03-4C21-8FDA-409D8946AAA2}.AppStore|ARM.Build.0 = Release|Any CPU
		{968E5C78-EE03-4C21-8FDA-409D8946AAA2}.AppStore|iPhone.ActiveCfg = Release|Any CPU
		{968E5C78-EE03-4C21-8FDA-409D8946AAA2}.AppStore|iPhone.Build.0 = Release|Any CPU
		{968E5C78-EE03-4C21-8FDA-409D8946AAA2}.AppStore|iPhoneSimulator.ActiveCfg = Release|Any CPU
		{968E5C78-EE03-4C21-8FDA-409D8946AAA2}.AppStore|iPhoneSimulator.Build.0 = Release|Any CPU
		{968E5C78-EE03-4C21-8FDA-409D8946AAA2}.AppStore|x64.ActiveCfg = Release|Any CPU
		{968E5C78-EE03-4C21-8FDA-409D8946AAA2}.AppStore|x64.Build.0 = Release|Any CPU
		{968E5C78-EE03-4C21-8FDA-409D8946AAA2}.AppStore|x86.ActiveCfg = Release|Any CPU
		{968E5C78-EE03-4C21-8FDA-409D8946AAA2}.AppStore|x86.Build.0 = Release|Any CPU
		{968E5C78-EE03-4C21-8FDA-409D8946AAA2}.Debug|Any CPU.ActiveCfg = Client Debug|Any CPU
		{968E5C78-EE03-4C21-8FDA-409D8946AAA2}.Debug|Any CPU.Build.0 = Client Debug|Any CPU
		{968E5C78-EE03-4C21-8FDA-409D8946AAA2}.Debug|ARM.ActiveCfg = Debug|Any CPU
		{968E5C78-EE03-4C21-8FDA-409D8946AAA2}.Debug|ARM.Build.0 = Debug|Any CPU
		{968E5C78-EE03-4C21-8FDA-409D8946AAA2}.Debug|iPhone.ActiveCfg = Debug|Any CPU
		{968E5C78-EE03-4C21-8FDA-409D8946AAA2}.Debug|iPhone.Build.0 = Debug|Any CPU
		{968E5C78-EE03-4C21-8FDA-409D8946AAA2}.Debug|iPhoneSimulator.ActiveCfg = Debug|Any CPU
		{968E5C78-EE03-4C21-8FDA-409D8946AAA2}.Debug|iPhoneSimulator.Build.0 = Debug|Any CPU
		{968E5C78-EE03-4C21-8FDA-409D8946AAA2}.Debug|x64.ActiveCfg = Debug|Any CPU
		{968E5C78-EE03-4C21-8FDA-409D8946AAA2}.Debug|x64.Build.0 = Debug|Any CPU
		{968E5C78-EE03-4C21-8FDA-409D8946AAA2}.Debug|x86.ActiveCfg = Debug|Any CPU
		{968E5C78-EE03-4C21-8FDA-409D8946AAA2}.Debug|x86.Build.0 = Debug|Any CPU
		{968E5C78-EE03-4C21-8FDA-409D8946AAA2}.FullDebug|Any CPU.ActiveCfg = Debug|Any CPU
		{968E5C78-EE03-4C21-8FDA-409D8946AAA2}.FullDebug|Any CPU.Build.0 = Debug|Any CPU
		{968E5C78-EE03-4C21-8FDA-409D8946AAA2}.FullDebug|ARM.ActiveCfg = Debug|Any CPU
		{968E5C78-EE03-4C21-8FDA-409D8946AAA2}.FullDebug|ARM.Build.0 = Debug|Any CPU
		{968E5C78-EE03-4C21-8FDA-409D8946AAA2}.FullDebug|iPhone.ActiveCfg = Debug|Any CPU
		{968E5C78-EE03-4C21-8FDA-409D8946AAA2}.FullDebug|iPhone.Build.0 = Debug|Any CPU
		{968E5C78-EE03-4C21-8FDA-409D8946AAA2}.FullDebug|iPhoneSimulator.ActiveCfg = Debug|Any CPU
		{968E5C78-EE03-4C21-8FDA-409D8946AAA2}.FullDebug|iPhoneSimulator.Build.0 = Debug|Any CPU
		{968E5C78-EE03-4C21-8FDA-409D8946AAA2}.FullDebug|x64.ActiveCfg = Debug|Any CPU
		{968E5C78-EE03-4C21-8FDA-409D8946AAA2}.FullDebug|x64.Build.0 = Debug|Any CPU
		{968E5C78-EE03-4C21-8FDA-409D8946AAA2}.FullDebug|x86.ActiveCfg = Debug|Any CPU
		{968E5C78-EE03-4C21-8FDA-409D8946AAA2}.FullDebug|x86.Build.0 = Debug|Any CPU
		{968E5C78-EE03-4C21-8FDA-409D8946AAA2}.Release|Any CPU.ActiveCfg = Release|Any CPU
		{968E5C78-EE03-4C21-8FDA-409D8946AAA2}.Release|Any CPU.Build.0 = Release|Any CPU
		{968E5C78-EE03-4C21-8FDA-409D8946AAA2}.Release|ARM.ActiveCfg = Release|Any CPU
		{968E5C78-EE03-4C21-8FDA-409D8946AAA2}.Release|ARM.Build.0 = Release|Any CPU
		{968E5C78-EE03-4C21-8FDA-409D8946AAA2}.Release|iPhone.ActiveCfg = Release|Any CPU
		{968E5C78-EE03-4C21-8FDA-409D8946AAA2}.Release|iPhone.Build.0 = Release|Any CPU
		{968E5C78-EE03-4C21-8FDA-409D8946AAA2}.Release|iPhoneSimulator.ActiveCfg = Release|Any CPU
		{968E5C78-EE03-4C21-8FDA-409D8946AAA2}.Release|iPhoneSimulator.Build.0 = Release|Any CPU
		{968E5C78-EE03-4C21-8FDA-409D8946AAA2}.Release|x64.ActiveCfg = Release|Any CPU
		{968E5C78-EE03-4C21-8FDA-409D8946AAA2}.Release|x64.Build.0 = Release|Any CPU
		{968E5C78-EE03-4C21-8FDA-409D8946AAA2}.Release|x86.ActiveCfg = Release|Any CPU
		{968E5C78-EE03-4C21-8FDA-409D8946AAA2}.Release|x86.Build.0 = Release|Any CPU
		{0D7BF57C-A689-4519-B557-72F92E5F16CE}.Ad-Hoc|Any CPU.ActiveCfg = Release|Any CPU
		{0D7BF57C-A689-4519-B557-72F92E5F16CE}.Ad-Hoc|Any CPU.Build.0 = Release|Any CPU
		{0D7BF57C-A689-4519-B557-72F92E5F16CE}.Ad-Hoc|Any CPU.Deploy.0 = Release|Any CPU
		{0D7BF57C-A689-4519-B557-72F92E5F16CE}.Ad-Hoc|ARM.ActiveCfg = Release|Any CPU
		{0D7BF57C-A689-4519-B557-72F92E5F16CE}.Ad-Hoc|ARM.Build.0 = Release|Any CPU
		{0D7BF57C-A689-4519-B557-72F92E5F16CE}.Ad-Hoc|ARM.Deploy.0 = Release|Any CPU
		{0D7BF57C-A689-4519-B557-72F92E5F16CE}.Ad-Hoc|iPhone.ActiveCfg = Release|Any CPU
		{0D7BF57C-A689-4519-B557-72F92E5F16CE}.Ad-Hoc|iPhone.Build.0 = Release|Any CPU
		{0D7BF57C-A689-4519-B557-72F92E5F16CE}.Ad-Hoc|iPhone.Deploy.0 = Release|Any CPU
		{0D7BF57C-A689-4519-B557-72F92E5F16CE}.Ad-Hoc|iPhoneSimulator.ActiveCfg = Release|Any CPU
		{0D7BF57C-A689-4519-B557-72F92E5F16CE}.Ad-Hoc|iPhoneSimulator.Build.0 = Release|Any CPU
		{0D7BF57C-A689-4519-B557-72F92E5F16CE}.Ad-Hoc|iPhoneSimulator.Deploy.0 = Release|Any CPU
		{0D7BF57C-A689-4519-B557-72F92E5F16CE}.Ad-Hoc|x64.ActiveCfg = Release|Any CPU
		{0D7BF57C-A689-4519-B557-72F92E5F16CE}.Ad-Hoc|x64.Build.0 = Release|Any CPU
		{0D7BF57C-A689-4519-B557-72F92E5F16CE}.Ad-Hoc|x64.Deploy.0 = Release|Any CPU
		{0D7BF57C-A689-4519-B557-72F92E5F16CE}.Ad-Hoc|x86.ActiveCfg = Release|Any CPU
		{0D7BF57C-A689-4519-B557-72F92E5F16CE}.Ad-Hoc|x86.Build.0 = Release|Any CPU
		{0D7BF57C-A689-4519-B557-72F92E5F16CE}.Ad-Hoc|x86.Deploy.0 = Release|Any CPU
		{0D7BF57C-A689-4519-B557-72F92E5F16CE}.AppStore|Any CPU.ActiveCfg = Release|Any CPU
		{0D7BF57C-A689-4519-B557-72F92E5F16CE}.AppStore|Any CPU.Build.0 = Release|Any CPU
		{0D7BF57C-A689-4519-B557-72F92E5F16CE}.AppStore|Any CPU.Deploy.0 = Release|Any CPU
		{0D7BF57C-A689-4519-B557-72F92E5F16CE}.AppStore|ARM.ActiveCfg = Release|Any CPU
		{0D7BF57C-A689-4519-B557-72F92E5F16CE}.AppStore|ARM.Build.0 = Release|Any CPU
		{0D7BF57C-A689-4519-B557-72F92E5F16CE}.AppStore|ARM.Deploy.0 = Release|Any CPU
		{0D7BF57C-A689-4519-B557-72F92E5F16CE}.AppStore|iPhone.ActiveCfg = Release|Any CPU
		{0D7BF57C-A689-4519-B557-72F92E5F16CE}.AppStore|iPhone.Build.0 = Release|Any CPU
		{0D7BF57C-A689-4519-B557-72F92E5F16CE}.AppStore|iPhone.Deploy.0 = Release|Any CPU
		{0D7BF57C-A689-4519-B557-72F92E5F16CE}.AppStore|iPhoneSimulator.ActiveCfg = Release|Any CPU
		{0D7BF57C-A689-4519-B557-72F92E5F16CE}.AppStore|iPhoneSimulator.Build.0 = Release|Any CPU
		{0D7BF57C-A689-4519-B557-72F92E5F16CE}.AppStore|iPhoneSimulator.Deploy.0 = Release|Any CPU
		{0D7BF57C-A689-4519-B557-72F92E5F16CE}.AppStore|x64.ActiveCfg = Release|Any CPU
		{0D7BF57C-A689-4519-B557-72F92E5F16CE}.AppStore|x64.Build.0 = Release|Any CPU
		{0D7BF57C-A689-4519-B557-72F92E5F16CE}.AppStore|x64.Deploy.0 = Release|Any CPU
		{0D7BF57C-A689-4519-B557-72F92E5F16CE}.AppStore|x86.ActiveCfg = Release|Any CPU
		{0D7BF57C-A689-4519-B557-72F92E5F16CE}.AppStore|x86.Build.0 = Release|Any CPU
		{0D7BF57C-A689-4519-B557-72F92E5F16CE}.AppStore|x86.Deploy.0 = Release|Any CPU
		{0D7BF57C-A689-4519-B557-72F92E5F16CE}.Debug|Any CPU.ActiveCfg = Client Debug|Any CPU
		{0D7BF57C-A689-4519-B557-72F92E5F16CE}.Debug|Any CPU.Build.0 = Client Debug|Any CPU
		{0D7BF57C-A689-4519-B557-72F92E5F16CE}.Debug|Any CPU.Deploy.0 = Client Debug|Any CPU
		{0D7BF57C-A689-4519-B557-72F92E5F16CE}.Debug|ARM.ActiveCfg = Debug|Any CPU
		{0D7BF57C-A689-4519-B557-72F92E5F16CE}.Debug|ARM.Build.0 = Debug|Any CPU
		{0D7BF57C-A689-4519-B557-72F92E5F16CE}.Debug|ARM.Deploy.0 = Debug|Any CPU
		{0D7BF57C-A689-4519-B557-72F92E5F16CE}.Debug|iPhone.ActiveCfg = Debug|Any CPU
		{0D7BF57C-A689-4519-B557-72F92E5F16CE}.Debug|iPhone.Build.0 = Debug|Any CPU
		{0D7BF57C-A689-4519-B557-72F92E5F16CE}.Debug|iPhone.Deploy.0 = Debug|Any CPU
		{0D7BF57C-A689-4519-B557-72F92E5F16CE}.Debug|iPhoneSimulator.ActiveCfg = Debug|Any CPU
		{0D7BF57C-A689-4519-B557-72F92E5F16CE}.Debug|iPhoneSimulator.Build.0 = Debug|Any CPU
		{0D7BF57C-A689-4519-B557-72F92E5F16CE}.Debug|iPhoneSimulator.Deploy.0 = Debug|Any CPU
		{0D7BF57C-A689-4519-B557-72F92E5F16CE}.Debug|x64.ActiveCfg = Debug|Any CPU
		{0D7BF57C-A689-4519-B557-72F92E5F16CE}.Debug|x64.Build.0 = Debug|Any CPU
		{0D7BF57C-A689-4519-B557-72F92E5F16CE}.Debug|x64.Deploy.0 = Debug|Any CPU
		{0D7BF57C-A689-4519-B557-72F92E5F16CE}.Debug|x86.ActiveCfg = Debug|Any CPU
		{0D7BF57C-A689-4519-B557-72F92E5F16CE}.Debug|x86.Build.0 = Debug|Any CPU
		{0D7BF57C-A689-4519-B557-72F92E5F16CE}.Debug|x86.Deploy.0 = Debug|Any CPU
		{0D7BF57C-A689-4519-B557-72F92E5F16CE}.FullDebug|Any CPU.ActiveCfg = Debug|Any CPU
		{0D7BF57C-A689-4519-B557-72F92E5F16CE}.FullDebug|Any CPU.Build.0 = Debug|Any CPU
		{0D7BF57C-A689-4519-B557-72F92E5F16CE}.FullDebug|Any CPU.Deploy.0 = Debug|Any CPU
		{0D7BF57C-A689-4519-B557-72F92E5F16CE}.FullDebug|ARM.ActiveCfg = Debug|Any CPU
		{0D7BF57C-A689-4519-B557-72F92E5F16CE}.FullDebug|ARM.Build.0 = Debug|Any CPU
		{0D7BF57C-A689-4519-B557-72F92E5F16CE}.FullDebug|ARM.Deploy.0 = Debug|Any CPU
		{0D7BF57C-A689-4519-B557-72F92E5F16CE}.FullDebug|iPhone.ActiveCfg = Debug|Any CPU
		{0D7BF57C-A689-4519-B557-72F92E5F16CE}.FullDebug|iPhone.Build.0 = Debug|Any CPU
		{0D7BF57C-A689-4519-B557-72F92E5F16CE}.FullDebug|iPhone.Deploy.0 = Debug|Any CPU
		{0D7BF57C-A689-4519-B557-72F92E5F16CE}.FullDebug|iPhoneSimulator.ActiveCfg = Debug|Any CPU
		{0D7BF57C-A689-4519-B557-72F92E5F16CE}.FullDebug|iPhoneSimulator.Build.0 = Debug|Any CPU
		{0D7BF57C-A689-4519-B557-72F92E5F16CE}.FullDebug|iPhoneSimulator.Deploy.0 = Debug|Any CPU
		{0D7BF57C-A689-4519-B557-72F92E5F16CE}.FullDebug|x64.ActiveCfg = Debug|Any CPU
		{0D7BF57C-A689-4519-B557-72F92E5F16CE}.FullDebug|x64.Build.0 = Debug|Any CPU
		{0D7BF57C-A689-4519-B557-72F92E5F16CE}.FullDebug|x64.Deploy.0 = Debug|Any CPU
		{0D7BF57C-A689-4519-B557-72F92E5F16CE}.FullDebug|x86.ActiveCfg = Debug|Any CPU
		{0D7BF57C-A689-4519-B557-72F92E5F16CE}.FullDebug|x86.Build.0 = Debug|Any CPU
		{0D7BF57C-A689-4519-B557-72F92E5F16CE}.FullDebug|x86.Deploy.0 = Debug|Any CPU
		{0D7BF57C-A689-4519-B557-72F92E5F16CE}.Release|Any CPU.ActiveCfg = Release|Any CPU
		{0D7BF57C-A689-4519-B557-72F92E5F16CE}.Release|Any CPU.Build.0 = Release|Any CPU
		{0D7BF57C-A689-4519-B557-72F92E5F16CE}.Release|Any CPU.Deploy.0 = Release|Any CPU
		{0D7BF57C-A689-4519-B557-72F92E5F16CE}.Release|ARM.ActiveCfg = Release|Any CPU
		{0D7BF57C-A689-4519-B557-72F92E5F16CE}.Release|ARM.Build.0 = Release|Any CPU
		{0D7BF57C-A689-4519-B557-72F92E5F16CE}.Release|ARM.Deploy.0 = Release|Any CPU
		{0D7BF57C-A689-4519-B557-72F92E5F16CE}.Release|iPhone.ActiveCfg = Release|Any CPU
		{0D7BF57C-A689-4519-B557-72F92E5F16CE}.Release|iPhone.Build.0 = Release|Any CPU
		{0D7BF57C-A689-4519-B557-72F92E5F16CE}.Release|iPhone.Deploy.0 = Release|Any CPU
		{0D7BF57C-A689-4519-B557-72F92E5F16CE}.Release|iPhoneSimulator.ActiveCfg = Release|Any CPU
		{0D7BF57C-A689-4519-B557-72F92E5F16CE}.Release|iPhoneSimulator.Build.0 = Release|Any CPU
		{0D7BF57C-A689-4519-B557-72F92E5F16CE}.Release|iPhoneSimulator.Deploy.0 = Release|Any CPU
		{0D7BF57C-A689-4519-B557-72F92E5F16CE}.Release|x64.ActiveCfg = Release|Any CPU
		{0D7BF57C-A689-4519-B557-72F92E5F16CE}.Release|x64.Build.0 = Release|Any CPU
		{0D7BF57C-A689-4519-B557-72F92E5F16CE}.Release|x64.Deploy.0 = Release|Any CPU
		{0D7BF57C-A689-4519-B557-72F92E5F16CE}.Release|x86.ActiveCfg = Release|Any CPU
		{0D7BF57C-A689-4519-B557-72F92E5F16CE}.Release|x86.Build.0 = Release|Any CPU
		{0D7BF57C-A689-4519-B557-72F92E5F16CE}.Release|x86.Deploy.0 = Release|Any CPU
		{F8C561CD-1E0E-4F44-9F87-C74EC64AE77B}.Ad-Hoc|Any CPU.ActiveCfg = Ad-Hoc|iPhone
		{F8C561CD-1E0E-4F44-9F87-C74EC64AE77B}.Ad-Hoc|ARM.ActiveCfg = Ad-Hoc|iPhone
		{F8C561CD-1E0E-4F44-9F87-C74EC64AE77B}.Ad-Hoc|iPhone.ActiveCfg = Ad-Hoc|iPhone
		{F8C561CD-1E0E-4F44-9F87-C74EC64AE77B}.Ad-Hoc|iPhone.Build.0 = Ad-Hoc|iPhone
		{F8C561CD-1E0E-4F44-9F87-C74EC64AE77B}.Ad-Hoc|iPhoneSimulator.ActiveCfg = Ad-Hoc|iPhoneSimulator
		{F8C561CD-1E0E-4F44-9F87-C74EC64AE77B}.Ad-Hoc|iPhoneSimulator.Build.0 = Ad-Hoc|iPhoneSimulator
		{F8C561CD-1E0E-4F44-9F87-C74EC64AE77B}.Ad-Hoc|x64.ActiveCfg = Ad-Hoc|iPhone
		{F8C561CD-1E0E-4F44-9F87-C74EC64AE77B}.Ad-Hoc|x86.ActiveCfg = Ad-Hoc|iPhone
		{F8C561CD-1E0E-4F44-9F87-C74EC64AE77B}.AppStore|Any CPU.ActiveCfg = AppStore|iPhone
		{F8C561CD-1E0E-4F44-9F87-C74EC64AE77B}.AppStore|ARM.ActiveCfg = AppStore|iPhone
		{F8C561CD-1E0E-4F44-9F87-C74EC64AE77B}.AppStore|iPhone.ActiveCfg = AppStore|iPhone
		{F8C561CD-1E0E-4F44-9F87-C74EC64AE77B}.AppStore|iPhone.Build.0 = AppStore|iPhone
		{F8C561CD-1E0E-4F44-9F87-C74EC64AE77B}.AppStore|iPhoneSimulator.ActiveCfg = AppStore|iPhoneSimulator
		{F8C561CD-1E0E-4F44-9F87-C74EC64AE77B}.AppStore|iPhoneSimulator.Build.0 = AppStore|iPhoneSimulator
		{F8C561CD-1E0E-4F44-9F87-C74EC64AE77B}.AppStore|x64.ActiveCfg = AppStore|iPhone
		{F8C561CD-1E0E-4F44-9F87-C74EC64AE77B}.AppStore|x86.ActiveCfg = AppStore|iPhone
		{F8C561CD-1E0E-4F44-9F87-C74EC64AE77B}.Debug|Any CPU.ActiveCfg = Client Debug|iPhone
		{F8C561CD-1E0E-4F44-9F87-C74EC64AE77B}.Debug|ARM.ActiveCfg = Debug|iPhoneSimulator
		{F8C561CD-1E0E-4F44-9F87-C74EC64AE77B}.Debug|iPhone.ActiveCfg = Client Debug|iPhone
		{F8C561CD-1E0E-4F44-9F87-C74EC64AE77B}.Debug|iPhoneSimulator.ActiveCfg = Client Debug|iPhoneSimulator
		{F8C561CD-1E0E-4F44-9F87-C74EC64AE77B}.Debug|x64.ActiveCfg = Debug|iPhoneSimulator
		{F8C561CD-1E0E-4F44-9F87-C74EC64AE77B}.Debug|x86.ActiveCfg = Debug|iPhoneSimulator
		{F8C561CD-1E0E-4F44-9F87-C74EC64AE77B}.FullDebug|Any CPU.ActiveCfg = Debug|iPhone
		{F8C561CD-1E0E-4F44-9F87-C74EC64AE77B}.FullDebug|ARM.ActiveCfg = Debug|iPhone
		{F8C561CD-1E0E-4F44-9F87-C74EC64AE77B}.FullDebug|iPhone.ActiveCfg = Debug|iPhone
		{F8C561CD-1E0E-4F44-9F87-C74EC64AE77B}.FullDebug|iPhone.Build.0 = Debug|iPhone
		{F8C561CD-1E0E-4F44-9F87-C74EC64AE77B}.FullDebug|iPhoneSimulator.ActiveCfg = Debug|iPhoneSimulator
		{F8C561CD-1E0E-4F44-9F87-C74EC64AE77B}.FullDebug|iPhoneSimulator.Build.0 = Debug|iPhoneSimulator
		{F8C561CD-1E0E-4F44-9F87-C74EC64AE77B}.FullDebug|x64.ActiveCfg = Debug|iPhone
		{F8C561CD-1E0E-4F44-9F87-C74EC64AE77B}.FullDebug|x86.ActiveCfg = Debug|iPhone
		{F8C561CD-1E0E-4F44-9F87-C74EC64AE77B}.Release|Any CPU.ActiveCfg = Release|iPhone
		{F8C561CD-1E0E-4F44-9F87-C74EC64AE77B}.Release|ARM.ActiveCfg = Release|iPhone
		{F8C561CD-1E0E-4F44-9F87-C74EC64AE77B}.Release|iPhone.ActiveCfg = Release|iPhone
		{F8C561CD-1E0E-4F44-9F87-C74EC64AE77B}.Release|iPhone.Build.0 = Release|iPhone
		{F8C561CD-1E0E-4F44-9F87-C74EC64AE77B}.Release|iPhoneSimulator.ActiveCfg = Release|iPhoneSimulator
		{F8C561CD-1E0E-4F44-9F87-C74EC64AE77B}.Release|iPhoneSimulator.Build.0 = Release|iPhoneSimulator
		{F8C561CD-1E0E-4F44-9F87-C74EC64AE77B}.Release|x64.ActiveCfg = Release|iPhone
		{F8C561CD-1E0E-4F44-9F87-C74EC64AE77B}.Release|x86.ActiveCfg = Release|iPhone
		{020D8FAF-322B-491D-843C-77374F2061DA}.Ad-Hoc|Any CPU.ActiveCfg = Release|Any CPU
		{020D8FAF-322B-491D-843C-77374F2061DA}.Ad-Hoc|Any CPU.Build.0 = Release|Any CPU
		{020D8FAF-322B-491D-843C-77374F2061DA}.Ad-Hoc|ARM.ActiveCfg = Release|Any CPU
		{020D8FAF-322B-491D-843C-77374F2061DA}.Ad-Hoc|ARM.Build.0 = Release|Any CPU
		{020D8FAF-322B-491D-843C-77374F2061DA}.Ad-Hoc|iPhone.ActiveCfg = Release|Any CPU
		{020D8FAF-322B-491D-843C-77374F2061DA}.Ad-Hoc|iPhone.Build.0 = Release|Any CPU
		{020D8FAF-322B-491D-843C-77374F2061DA}.Ad-Hoc|iPhoneSimulator.ActiveCfg = Release|Any CPU
		{020D8FAF-322B-491D-843C-77374F2061DA}.Ad-Hoc|iPhoneSimulator.Build.0 = Release|Any CPU
		{020D8FAF-322B-491D-843C-77374F2061DA}.Ad-Hoc|x64.ActiveCfg = Release|Any CPU
		{020D8FAF-322B-491D-843C-77374F2061DA}.Ad-Hoc|x64.Build.0 = Release|Any CPU
		{020D8FAF-322B-491D-843C-77374F2061DA}.Ad-Hoc|x86.ActiveCfg = Release|Any CPU
		{020D8FAF-322B-491D-843C-77374F2061DA}.Ad-Hoc|x86.Build.0 = Release|Any CPU
		{020D8FAF-322B-491D-843C-77374F2061DA}.AppStore|Any CPU.ActiveCfg = Release|Any CPU
		{020D8FAF-322B-491D-843C-77374F2061DA}.AppStore|Any CPU.Build.0 = Release|Any CPU
		{020D8FAF-322B-491D-843C-77374F2061DA}.AppStore|ARM.ActiveCfg = Release|Any CPU
		{020D8FAF-322B-491D-843C-77374F2061DA}.AppStore|ARM.Build.0 = Release|Any CPU
		{020D8FAF-322B-491D-843C-77374F2061DA}.AppStore|iPhone.ActiveCfg = Release|Any CPU
		{020D8FAF-322B-491D-843C-77374F2061DA}.AppStore|iPhone.Build.0 = Release|Any CPU
		{020D8FAF-322B-491D-843C-77374F2061DA}.AppStore|iPhoneSimulator.ActiveCfg = Release|Any CPU
		{020D8FAF-322B-491D-843C-77374F2061DA}.AppStore|iPhoneSimulator.Build.0 = Release|Any CPU
		{020D8FAF-322B-491D-843C-77374F2061DA}.AppStore|x64.ActiveCfg = Release|Any CPU
		{020D8FAF-322B-491D-843C-77374F2061DA}.AppStore|x64.Build.0 = Release|Any CPU
		{020D8FAF-322B-491D-843C-77374F2061DA}.AppStore|x86.ActiveCfg = Release|Any CPU
		{020D8FAF-322B-491D-843C-77374F2061DA}.AppStore|x86.Build.0 = Release|Any CPU
		{020D8FAF-322B-491D-843C-77374F2061DA}.Debug|Any CPU.ActiveCfg = Debug|Any CPU
		{020D8FAF-322B-491D-843C-77374F2061DA}.Debug|Any CPU.Build.0 = Debug|Any CPU
		{020D8FAF-322B-491D-843C-77374F2061DA}.Debug|ARM.ActiveCfg = Debug|Any CPU
		{020D8FAF-322B-491D-843C-77374F2061DA}.Debug|ARM.Build.0 = Debug|Any CPU
		{020D8FAF-322B-491D-843C-77374F2061DA}.Debug|iPhone.ActiveCfg = Debug|Any CPU
		{020D8FAF-322B-491D-843C-77374F2061DA}.Debug|iPhone.Build.0 = Debug|Any CPU
		{020D8FAF-322B-491D-843C-77374F2061DA}.Debug|iPhoneSimulator.ActiveCfg = Debug|Any CPU
		{020D8FAF-322B-491D-843C-77374F2061DA}.Debug|iPhoneSimulator.Build.0 = Debug|Any CPU
		{020D8FAF-322B-491D-843C-77374F2061DA}.Debug|x64.ActiveCfg = Debug|Any CPU
		{020D8FAF-322B-491D-843C-77374F2061DA}.Debug|x64.Build.0 = Debug|Any CPU
		{020D8FAF-322B-491D-843C-77374F2061DA}.Debug|x86.ActiveCfg = Debug|Any CPU
		{020D8FAF-322B-491D-843C-77374F2061DA}.Debug|x86.Build.0 = Debug|Any CPU
		{020D8FAF-322B-491D-843C-77374F2061DA}.FullDebug|Any CPU.ActiveCfg = Debug|Any CPU
		{020D8FAF-322B-491D-843C-77374F2061DA}.FullDebug|Any CPU.Build.0 = Debug|Any CPU
		{020D8FAF-322B-491D-843C-77374F2061DA}.FullDebug|ARM.ActiveCfg = Debug|Any CPU
		{020D8FAF-322B-491D-843C-77374F2061DA}.FullDebug|ARM.Build.0 = Debug|Any CPU
		{020D8FAF-322B-491D-843C-77374F2061DA}.FullDebug|iPhone.ActiveCfg = Debug|Any CPU
		{020D8FAF-322B-491D-843C-77374F2061DA}.FullDebug|iPhone.Build.0 = Debug|Any CPU
		{020D8FAF-322B-491D-843C-77374F2061DA}.FullDebug|iPhoneSimulator.ActiveCfg = Debug|Any CPU
		{020D8FAF-322B-491D-843C-77374F2061DA}.FullDebug|iPhoneSimulator.Build.0 = Debug|Any CPU
		{020D8FAF-322B-491D-843C-77374F2061DA}.FullDebug|x64.ActiveCfg = Debug|Any CPU
		{020D8FAF-322B-491D-843C-77374F2061DA}.FullDebug|x64.Build.0 = Debug|Any CPU
		{020D8FAF-322B-491D-843C-77374F2061DA}.FullDebug|x86.ActiveCfg = Debug|Any CPU
		{020D8FAF-322B-491D-843C-77374F2061DA}.FullDebug|x86.Build.0 = Debug|Any CPU
		{020D8FAF-322B-491D-843C-77374F2061DA}.Release|Any CPU.ActiveCfg = Release|Any CPU
		{020D8FAF-322B-491D-843C-77374F2061DA}.Release|Any CPU.Build.0 = Release|Any CPU
		{020D8FAF-322B-491D-843C-77374F2061DA}.Release|ARM.ActiveCfg = Release|Any CPU
		{020D8FAF-322B-491D-843C-77374F2061DA}.Release|ARM.Build.0 = Release|Any CPU
		{020D8FAF-322B-491D-843C-77374F2061DA}.Release|iPhone.ActiveCfg = Release|Any CPU
		{020D8FAF-322B-491D-843C-77374F2061DA}.Release|iPhone.Build.0 = Release|Any CPU
		{020D8FAF-322B-491D-843C-77374F2061DA}.Release|iPhoneSimulator.ActiveCfg = Release|Any CPU
		{020D8FAF-322B-491D-843C-77374F2061DA}.Release|iPhoneSimulator.Build.0 = Release|Any CPU
		{020D8FAF-322B-491D-843C-77374F2061DA}.Release|x64.ActiveCfg = Release|Any CPU
		{020D8FAF-322B-491D-843C-77374F2061DA}.Release|x64.Build.0 = Release|Any CPU
		{020D8FAF-322B-491D-843C-77374F2061DA}.Release|x86.ActiveCfg = Release|Any CPU
		{020D8FAF-322B-491D-843C-77374F2061DA}.Release|x86.Build.0 = Release|Any CPU
	EndGlobalSection
	GlobalSection(SolutionProperties) = preSolution
		HideSolutionNode = FALSE
	EndGlobalSection
EndGlobal
